{
    "version": 3,
    "terraform_version": "0.11.10",
    "serial": 2,
    "lineage": "a73b28bb-88f9-1c5a-f638-99311cec63db",
    "modules": [
        {
            "path": [
                "root"
            ],
            "outputs": {},
            "resources": {
                "aws_route53_record.etcd_a_nodes": {
                    "type": "aws_route53_record",
                    "depends_on": [
                        "local.private_zone_id",
                        "module.masters"
                    ],
                    "primary": {
                        "id": "Z2689SC4JEVFI6_env1-etcd-0_A",
                        "attributes": {
                            "allow_overwrite": "true",
                            "fqdn": "env1-etcd-0.raffa.xyz",
                            "id": "Z2689SC4JEVFI6_env1-etcd-0_A",
                            "name": "env1-etcd-0",
                            "records.#": "1",
                            "records.1734433601": "10.0.13.248",
                            "ttl": "60",
                            "type": "A",
                            "zone_id": "Z2689SC4JEVFI6"
                        },
                        "meta": {
                            "schema_version": "2"
                        },
                        "tainted": false
                    },
                    "deposed": [],
                    "provider": "provider.aws"
                },
                "aws_route53_record.etcd_cluster": {
                    "type": "aws_route53_record",
                    "depends_on": [
                        "aws_route53_record.etcd_a_nodes.*",
                        "local.private_zone_id"
                    ],
                    "primary": {
                        "id": "Z2689SC4JEVFI6__etcd-server-ssl._tcp.env1_SRV",
                        "attributes": {
                            "allow_overwrite": "true",
                            "fqdn": "_etcd-server-ssl._tcp.env1.raffa.xyz",
                            "id": "Z2689SC4JEVFI6__etcd-server-ssl._tcp.env1_SRV",
                            "name": "_etcd-server-ssl._tcp.env1",
                            "records.#": "1",
                            "records.1642832584": "0 10 2380 env1-etcd-0.raffa.xyz",
                            "ttl": "60",
                            "type": "SRV",
                            "zone_id": "Z2689SC4JEVFI6"
                        },
                        "meta": {
                            "schema_version": "2"
                        },
                        "tainted": false
                    },
                    "deposed": [],
                    "provider": "provider.aws"
                },
                "aws_route53_zone.int": {
                    "type": "aws_route53_zone",
                    "depends_on": [
                        "module.vpc"
                    ],
                    "primary": {
                        "id": "Z2689SC4JEVFI6",
                        "attributes": {
                            "comment": "Managed by Terraform",
                            "delegation_set_id": "",
                            "force_destroy": "true",
                            "id": "Z2689SC4JEVFI6",
                            "name": "raffa.xyz.",
                            "name_servers.#": "4",
                            "name_servers.0": "ns-0.awsdns-00.com.",
                            "name_servers.1": "ns-1024.awsdns-00.org.",
                            "name_servers.2": "ns-1536.awsdns-00.co.uk.",
                            "name_servers.3": "ns-512.awsdns-00.net.",
                            "tags.%": "3",
                            "tags.KubernetesCluster": "env1",
                            "tags.Name": "env1_int",
                            "tags.openshiftClusterID": "b379ccc5-6d85-49b6-9ce7-26035fce7709",
                            "vpc.#": "1",
                            "vpc.491805003.vpc_id": "vpc-03e6c187b62e0af5b",
                            "vpc.491805003.vpc_region": "us-east-1",
                            "vpc_id": "vpc-03e6c187b62e0af5b",
                            "vpc_region": "us-east-1",
                            "zone_id": "Z2689SC4JEVFI6"
                        },
                        "meta": {},
                        "tainted": false
                    },
                    "deposed": [],
                    "provider": "provider.aws"
                }
            },
            "depends_on": []
        },
        {
            "path": [
                "root",
                "bootstrap"
            ],
            "outputs": {},
            "resources": {},
            "depends_on": []
        },
        {
            "path": [
                "root",
                "dns"
            ],
            "outputs": {},
            "resources": {
                "aws_route53_record.api_external": {
                    "type": "aws_route53_record",
                    "depends_on": [
                        "local.public_zone_id"
                    ],
                    "primary": {
                        "id": "Z197IE4SLLN97Y_env1-api.raffa.xyz_A",
                        "attributes": {
                            "alias.#": "1",
                            "alias.3450043740.evaluate_target_health": "true",
                            "alias.3450043740.name": "env1-ext-6e77b0f1248923e2.elb.us-east-1.amazonaws.com",
                            "alias.3450043740.zone_id": "Z26RNL4JYFTOTI",
                            "allow_overwrite": "true",
                            "fqdn": "env1-api.raffa.xyz",
                            "id": "Z197IE4SLLN97Y_env1-api.raffa.xyz_A",
                            "name": "env1-api.raffa.xyz",
                            "type": "A",
                            "zone_id": "Z197IE4SLLN97Y"
                        },
                        "meta": {
                            "schema_version": "2"
                        },
                        "tainted": false
                    },
                    "deposed": [],
                    "provider": "provider.aws"
                },
                "aws_route53_record.api_internal": {
                    "type": "aws_route53_record",
                    "depends_on": [],
                    "primary": {
                        "id": "Z2689SC4JEVFI6_env1-api.raffa.xyz_A",
                        "attributes": {
                            "alias.#": "1",
                            "alias.931409920.evaluate_target_health": "true",
                            "alias.931409920.name": "env1-int-7a99f4e4c48beae0.elb.us-east-1.amazonaws.com",
                            "alias.931409920.zone_id": "Z26RNL4JYFTOTI",
                            "allow_overwrite": "true",
                            "fqdn": "env1-api.raffa.xyz",
                            "id": "Z2689SC4JEVFI6_env1-api.raffa.xyz_A",
                            "name": "env1-api.raffa.xyz",
                            "type": "A",
                            "zone_id": "Z2689SC4JEVFI6"
                        },
                        "meta": {
                            "schema_version": "2"
                        },
                        "tainted": false
                    },
                    "deposed": [],
                    "provider": "provider.aws"
                },
                "data.aws_route53_zone.base": {
                    "type": "aws_route53_zone",
                    "depends_on": [],
                    "primary": {
                        "id": "Z197IE4SLLN97Y",
                        "attributes": {
                            "caller_reference": "RISWorkflow-RD:29bdbd91-e516-4418-92b8-e29fe27b08ba",
                            "comment": "HostedZone created by Route53 Registrar",
                            "id": "Z197IE4SLLN97Y",
                            "name": "raffa.xyz.",
                            "name_servers.#": "4",
                            "name_servers.0": "ns-157.awsdns-19.com",
                            "name_servers.1": "ns-1900.awsdns-45.co.uk",
                            "name_servers.2": "ns-1237.awsdns-26.org",
                            "name_servers.3": "ns-551.awsdns-04.net",
                            "private_zone": "false",
                            "resource_record_set_count": "3",
                            "zone_id": "Z197IE4SLLN97Y"
                        },
                        "meta": {},
                        "tainted": false
                    },
                    "deposed": [],
                    "provider": "provider.aws"
                }
            },
            "depends_on": []
        },
        {
            "path": [
                "root",
                "iam"
            ],
            "outputs": {},
            "resources": {
                "aws_iam_instance_profile.worker": {
                    "type": "aws_iam_instance_profile",
                    "depends_on": [
                        "aws_iam_role.worker_role.*",
                        "data.aws_iam_role.worker_role.*"
                    ],
                    "primary": {
                        "id": "env1-worker-profile",
                        "attributes": {
                            "arn": "arn:aws:iam::154715230234:instance-profile/env1-worker-profile",
                            "create_date": "2018-12-28T19:46:06Z",
                            "id": "env1-worker-profile",
                            "name": "env1-worker-profile",
                            "path": "/",
                            "role": "env1-worker-role",
                            "roles.#": "0",
                            "unique_id": "AIPAJZI2P6KEWOQCX5CMC"
                        },
                        "meta": {},
                        "tainted": false
                    },
                    "deposed": [],
                    "provider": "provider.aws"
                },
                "aws_iam_role.worker_role": {
                    "type": "aws_iam_role",
                    "depends_on": [],
                    "primary": {
                        "id": "env1-worker-role",
                        "attributes": {
                            "arn": "arn:aws:iam::154715230234:role/env1-worker-role",
                            "assume_role_policy": "{\"Version\":\"2012-10-17\",\"Statement\":[{\"Sid\":\"\",\"Effect\":\"Allow\",\"Principal\":{\"Service\":\"ec2.amazonaws.com\"},\"Action\":\"sts:AssumeRole\"}]}",
                            "create_date": "2018-12-28T19:46:04Z",
                            "description": "",
                            "force_detach_policies": "false",
                            "id": "env1-worker-role",
                            "max_session_duration": "3600",
                            "name": "env1-worker-role",
                            "path": "/",
                            "tags.%": "0",
                            "unique_id": "AROAJXCFQVQUFLDLETB2Y"
                        },
                        "meta": {},
                        "tainted": false
                    },
                    "deposed": [],
                    "provider": "provider.aws"
                },
                "aws_iam_role_policy.worker_policy": {
                    "type": "aws_iam_role_policy",
                    "depends_on": [
                        "aws_iam_role.worker_role",
                        "local.arn"
                    ],
                    "primary": {
                        "id": "env1-worker-role:env1_worker_policy",
                        "attributes": {
                            "id": "env1-worker-role:env1_worker_policy",
                            "name": "env1_worker_policy",
                            "policy": "{\n  \"Version\": \"2012-10-17\",\n  \"Statement\": [\n    {\n      \"Effect\": \"Allow\",\n      \"Action\": \"ec2:Describe*\",\n      \"Resource\": \"*\"\n    },\n    {\n      \"Effect\": \"Allow\",\n      \"Action\": \"ec2:AttachVolume\",\n      \"Resource\": \"*\"\n    },\n    {\n      \"Effect\": \"Allow\",\n      \"Action\": \"ec2:DetachVolume\",\n      \"Resource\": \"*\"\n    },\n    {\n      \"Action\": \"elasticloadbalancing:*\",\n      \"Resource\": \"*\",\n      \"Effect\": \"Allow\"\n    },\n    {\n      \"Action\" : [\n        \"s3:GetObject\"\n      ],\n      \"Resource\": \"arn:aws:s3:::*\",\n      \"Effect\": \"Allow\"\n    }\n  ]\n}\n",
                            "role": "env1-worker-role"
                        },
                        "meta": {},
                        "tainted": false
                    },
                    "deposed": [],
                    "provider": "provider.aws"
                }
            },
            "depends_on": []
        },
        {
            "path": [
                "root",
                "masters"
            ],
            "outputs": {
                "cluster_id": {
                    "sensitive": false,
                    "type": "string",
                    "value": "b379ccc5-6d85-49b6-9ce7-26035fce7709"
                },
                "ip_addresses": {
                    "sensitive": false,
                    "type": "list",
                    "value": [
                        "10.0.13.248"
                    ]
                },
                "subnet_ids": {
                    "sensitive": false,
                    "type": "list",
                    "value": [
                        "subnet-086491b0cb4c4e799",
                        "subnet-0e1ff9e58c9790249",
                        "subnet-0bac9b7fdd623a5ed",
                        "subnet-0fff1346f598a5f8f",
                        "subnet-0228d7d8264171ac9",
                        "subnet-05505f43c82340d2f"
                    ]
                }
            },
            "resources": {
                "aws_iam_instance_profile.master": {
                    "type": "aws_iam_instance_profile",
                    "depends_on": [
                        "aws_iam_role.master_role.*",
                        "data.aws_iam_role.master_role.*"
                    ],
                    "primary": {
                        "id": "env1-master-profile",
                        "attributes": {
                            "arn": "arn:aws:iam::154715230234:instance-profile/env1-master-profile",
                            "create_date": "2018-12-28T19:46:06Z",
                            "id": "env1-master-profile",
                            "name": "env1-master-profile",
                            "path": "/",
                            "role": "env1-master-role",
                            "roles.#": "0",
                            "unique_id": "AIPAJN5IIKHCPIN74J6TU"
                        },
                        "meta": {},
                        "tainted": false
                    },
                    "deposed": [],
                    "provider": "provider.aws"
                },
                "aws_iam_role.master_role": {
                    "type": "aws_iam_role",
                    "depends_on": [],
                    "primary": {
                        "id": "env1-master-role",
                        "attributes": {
                            "arn": "arn:aws:iam::154715230234:role/env1-master-role",
                            "assume_role_policy": "{\"Version\":\"2012-10-17\",\"Statement\":[{\"Sid\":\"\",\"Effect\":\"Allow\",\"Principal\":{\"Service\":\"ec2.amazonaws.com\"},\"Action\":\"sts:AssumeRole\"}]}",
                            "create_date": "2018-12-28T19:46:04Z",
                            "description": "",
                            "force_detach_policies": "false",
                            "id": "env1-master-role",
                            "max_session_duration": "3600",
                            "name": "env1-master-role",
                            "path": "/",
                            "tags.%": "0",
                            "unique_id": "AROAIHIWVOHM47B2CUPYS"
                        },
                        "meta": {},
                        "tainted": false
                    },
                    "deposed": [],
                    "provider": "provider.aws"
                },
                "aws_iam_role_policy.master_policy": {
                    "type": "aws_iam_role_policy",
                    "depends_on": [
                        "aws_iam_role.master_role",
                        "local.arn"
                    ],
                    "primary": {
                        "id": "env1-master-role:env1_master_policy",
                        "attributes": {
                            "id": "env1-master-role:env1_master_policy",
                            "name": "env1_master_policy",
                            "policy": "{\n  \"Version\": \"2012-10-17\",\n  \"Statement\": [\n    {\n      \"Action\": \"ec2:*\",\n      \"Resource\": \"*\",\n      \"Effect\": \"Allow\"\n    },\n    {\n      \"Action\": \"iam:PassRole\",\n      \"Resource\": \"*\",\n      \"Effect\": \"Allow\"\n    },\n    {\n      \"Action\" : [\n        \"s3:GetObject\"\n      ],\n      \"Resource\": \"arn:aws:s3:::*\",\n      \"Effect\": \"Allow\"\n    },\n    {\n      \"Action\": \"elasticloadbalancing:*\",\n      \"Resource\": \"*\",\n      \"Effect\": \"Allow\"\n    }\n  ]\n}\n",
                            "role": "env1-master-role"
                        },
                        "meta": {},
                        "tainted": false
                    },
                    "deposed": [],
                    "provider": "provider.aws"
                },
                "aws_instance.master": {
                    "type": "aws_instance",
                    "depends_on": [
                        "aws_iam_instance_profile.master"
                    ],
                    "primary": {
                        "id": "i-0f003e6b32f85d7bb",
                        "attributes": {
                            "ami": "ami-0098027dc3a379e13",
                            "arn": "arn:aws:ec2:us-east-1:154715230234:instance/i-0f003e6b32f85d7bb",
                            "associate_public_ip_address": "true",
                            "availability_zone": "us-east-1a",
                            "cpu_core_count": "1",
                            "cpu_threads_per_core": "2",
                            "credit_specification.#": "1",
                            "credit_specification.0.cpu_credits": "standard",
                            "disable_api_termination": "false",
                            "ebs_block_device.#": "0",
                            "ebs_optimized": "false",
                            "ephemeral_block_device.#": "0",
                            "get_password_data": "false",
                            "iam_instance_profile": "env1-master-profile",
                            "id": "i-0f003e6b32f85d7bb",
                            "instance_state": "running",
                            "instance_type": "m4.large",
                            "ipv6_addresses.#": "0",
                            "key_name": "",
                            "monitoring": "false",
                            "network_interface.#": "0",
                            "network_interface_id": "eni-0f5c2d3e0df0d4a6a",
                            "password_data": "",
                            "placement_group": "",
                            "primary_network_interface_id": "eni-0f5c2d3e0df0d4a6a",
                            "private_dns": "ip-10-0-13-248.ec2.internal",
                            "private_ip": "10.0.13.248",
                            "public_dns": "ec2-100-24-42-131.compute-1.amazonaws.com",
                            "public_ip": "100.24.42.131",
                            "root_block_device.#": "1",
                            "root_block_device.0.delete_on_termination": "true",
                            "root_block_device.0.iops": "360",
                            "root_block_device.0.volume_id": "vol-09ae4322b32f13283",
                            "root_block_device.0.volume_size": "120",
                            "root_block_device.0.volume_type": "gp2",
                            "security_groups.#": "0",
                            "source_dest_check": "true",
                            "subnet_id": "subnet-086491b0cb4c4e799",
                            "tags.%": "4",
                            "tags.Name": "env1-master-0",
                            "tags.clusterid": "env1",
                            "tags.kubernetes.io/cluster/env1": "owned",
                            "tags.openshiftClusterID": "b379ccc5-6d85-49b6-9ce7-26035fce7709",
                            "tenancy": "default",
                            "user_data": "6385fd6b5b7c8c5013b65dee9e92aea58e68c045",
                            "volume_tags.%": "3",
                            "volume_tags.Name": "env1-master-0-vol",
                            "volume_tags.kubernetes.io/cluster/env1": "owned",
                            "volume_tags.openshiftClusterID": "b379ccc5-6d85-49b6-9ce7-26035fce7709",
                            "vpc_security_group_ids.#": "1",
                            "vpc_security_group_ids.1879772595": "sg-00e47a2656e3572c5"
                        },
                        "meta": {
                            "e2bfb730-ecaa-11e6-8f88-34363bc7c4c0": {
                                "create": 600000000000,
                                "delete": 1200000000000,
                                "update": 600000000000
                            },
                            "schema_version": "1"
                        },
                        "tainted": false
                    },
                    "deposed": [],
                    "provider": "provider.aws"
                },
                "aws_lb_target_group_attachment.master.0": {
                    "type": "aws_lb_target_group_attachment",
                    "depends_on": [
                        "aws_instance.master.*"
                    ],
                    "primary": {
                        "id": "arn:aws:elasticloadbalancing:us-east-1:154715230234:targetgroup/env1-api-int/98a48046f32ccc41-20181228194834177900000008",
                        "attributes": {
                            "id": "arn:aws:elasticloadbalancing:us-east-1:154715230234:targetgroup/env1-api-int/98a48046f32ccc41-20181228194834177900000008",
                            "target_group_arn": "arn:aws:elasticloadbalancing:us-east-1:154715230234:targetgroup/env1-api-int/98a48046f32ccc41",
                            "target_id": "10.0.13.248"
                        },
                        "meta": {},
                        "tainted": false
                    },
                    "deposed": [],
                    "provider": "provider.aws"
                },
                "aws_lb_target_group_attachment.master.1": {
                    "type": "aws_lb_target_group_attachment",
                    "depends_on": [
                        "aws_instance.master.*"
                    ],
                    "primary": {
                        "id": "arn:aws:elasticloadbalancing:us-east-1:154715230234:targetgroup/env1-services/46531b9c128186e5-20181228194835253100000009",
                        "attributes": {
                            "id": "arn:aws:elasticloadbalancing:us-east-1:154715230234:targetgroup/env1-services/46531b9c128186e5-20181228194835253100000009",
                            "target_group_arn": "arn:aws:elasticloadbalancing:us-east-1:154715230234:targetgroup/env1-services/46531b9c128186e5",
                            "target_id": "10.0.13.248"
                        },
                        "meta": {},
                        "tainted": false
                    },
                    "deposed": [],
                    "provider": "provider.aws"
                },
                "aws_lb_target_group_attachment.master.2": {
                    "type": "aws_lb_target_group_attachment",
                    "depends_on": [
                        "aws_instance.master.*"
                    ],
                    "primary": {
                        "id": "arn:aws:elasticloadbalancing:us-east-1:154715230234:targetgroup/env1-api-ext/5c35e87eeddbf9cf-2018122819483631020000000a",
                        "attributes": {
                            "id": "arn:aws:elasticloadbalancing:us-east-1:154715230234:targetgroup/env1-api-ext/5c35e87eeddbf9cf-2018122819483631020000000a",
                            "target_group_arn": "arn:aws:elasticloadbalancing:us-east-1:154715230234:targetgroup/env1-api-ext/5c35e87eeddbf9cf",
                            "target_id": "10.0.13.248"
                        },
                        "meta": {},
                        "tainted": false
                    },
                    "deposed": [],
                    "provider": "provider.aws"
                }
            },
            "depends_on": []
        },
        {
            "path": [
                "root",
                "vpc"
            ],
            "outputs": {
                "api_sg_id": {
                    "sensitive": false,
                    "type": "string",
                    "value": "sg-0373f44aeca7bc8e0"
                },
                "aws_lb_api_external_dns_name": {
                    "sensitive": false,
                    "type": "string",
                    "value": "env1-ext-6e77b0f1248923e2.elb.us-east-1.amazonaws.com"
                },
                "aws_lb_api_external_zone_id": {
                    "sensitive": false,
                    "type": "string",
                    "value": "Z26RNL4JYFTOTI"
                },
                "aws_lb_api_internal_dns_name": {
                    "sensitive": false,
                    "type": "string",
                    "value": "env1-int-7a99f4e4c48beae0.elb.us-east-1.amazonaws.com"
                },
                "aws_lb_api_internal_zone_id": {
                    "sensitive": false,
                    "type": "string",
                    "value": "Z26RNL4JYFTOTI"
                },
                "aws_lb_target_group_arns": {
                    "sensitive": false,
                    "type": "list",
                    "value": [
                        "arn:aws:elasticloadbalancing:us-east-1:154715230234:targetgroup/env1-api-int/98a48046f32ccc41",
                        "arn:aws:elasticloadbalancing:us-east-1:154715230234:targetgroup/env1-services/46531b9c128186e5",
                        "arn:aws:elasticloadbalancing:us-east-1:154715230234:targetgroup/env1-api-ext/5c35e87eeddbf9cf"
                    ]
                },
                "aws_lb_target_group_arns_length": {
                    "sensitive": false,
                    "type": "string",
                    "value": "3"
                },
                "console_sg_id": {
                    "sensitive": false,
                    "type": "string",
                    "value": "sg-0c85a5b5ba615f779"
                },
                "etcd_sg_id": {
                    "sensitive": false,
                    "type": "string",
                    "value": "sg-06d640e2dbb9b6b21"
                },
                "master_sg_id": {
                    "sensitive": false,
                    "type": "string",
                    "value": "sg-00e47a2656e3572c5"
                },
                "master_subnet_ids": {
                    "sensitive": false,
                    "type": "list",
                    "value": [
                        "subnet-086491b0cb4c4e799",
                        "subnet-0e1ff9e58c9790249",
                        "subnet-0bac9b7fdd623a5ed",
                        "subnet-0fff1346f598a5f8f",
                        "subnet-0228d7d8264171ac9",
                        "subnet-05505f43c82340d2f"
                    ]
                },
                "vpc_id": {
                    "sensitive": false,
                    "type": "string",
                    "value": "vpc-03e6c187b62e0af5b"
                },
                "worker_sg_id": {
                    "sensitive": false,
                    "type": "string",
                    "value": "sg-0b95ded18249452ee"
                }
            },
            "resources": {
                "aws_eip.nat_eip.0": {
                    "type": "aws_eip",
                    "depends_on": [
                        "aws_internet_gateway.igw",
                        "local.new_az_count"
                    ],
                    "primary": {
                        "id": "eipalloc-0d30bc141959c9a61",
                        "attributes": {
                            "association_id": "",
                            "domain": "vpc",
                            "id": "eipalloc-0d30bc141959c9a61",
                            "instance": "",
                            "network_interface": "",
                            "private_ip": "",
                            "public_ip": "3.84.166.199",
                            "public_ipv4_pool": "amazon",
                            "tags.%": "1",
                            "tags.openshiftClusterID": "b379ccc5-6d85-49b6-9ce7-26035fce7709",
                            "vpc": "true"
                        },
                        "meta": {
                            "e2bfb730-ecaa-11e6-8f88-34363bc7c4c0": {
                                "delete": 180000000000,
                                "read": 900000000000,
                                "update": 300000000000
                            }
                        },
                        "tainted": false
                    },
                    "deposed": [],
                    "provider": "provider.aws"
                },
                "aws_eip.nat_eip.1": {
                    "type": "aws_eip",
                    "depends_on": [
                        "aws_internet_gateway.igw",
                        "local.new_az_count"
                    ],
                    "primary": {
                        "id": "eipalloc-0b61af037b308ab65",
                        "attributes": {
                            "association_id": "",
                            "domain": "vpc",
                            "id": "eipalloc-0b61af037b308ab65",
                            "instance": "",
                            "network_interface": "",
                            "private_ip": "",
                            "public_ip": "54.167.162.241",
                            "public_ipv4_pool": "amazon",
                            "tags.%": "1",
                            "tags.openshiftClusterID": "b379ccc5-6d85-49b6-9ce7-26035fce7709",
                            "vpc": "true"
                        },
                        "meta": {
                            "e2bfb730-ecaa-11e6-8f88-34363bc7c4c0": {
                                "delete": 180000000000,
                                "read": 900000000000,
                                "update": 300000000000
                            }
                        },
                        "tainted": false
                    },
                    "deposed": [],
                    "provider": "provider.aws"
                },
                "aws_eip.nat_eip.2": {
                    "type": "aws_eip",
                    "depends_on": [
                        "aws_internet_gateway.igw",
                        "local.new_az_count"
                    ],
                    "primary": {
                        "id": "eipalloc-0e267fe3d23b5d77b",
                        "attributes": {
                            "association_id": "",
                            "domain": "vpc",
                            "id": "eipalloc-0e267fe3d23b5d77b",
                            "instance": "",
                            "network_interface": "",
                            "private_ip": "",
                            "public_ip": "34.206.239.69",
                            "public_ipv4_pool": "amazon",
                            "tags.%": "1",
                            "tags.openshiftClusterID": "b379ccc5-6d85-49b6-9ce7-26035fce7709",
                            "vpc": "true"
                        },
                        "meta": {
                            "e2bfb730-ecaa-11e6-8f88-34363bc7c4c0": {
                                "delete": 180000000000,
                                "read": 900000000000,
                                "update": 300000000000
                            }
                        },
                        "tainted": false
                    },
                    "deposed": [],
                    "provider": "provider.aws"
                },
                "aws_eip.nat_eip.3": {
                    "type": "aws_eip",
                    "depends_on": [
                        "aws_internet_gateway.igw",
                        "local.new_az_count"
                    ],
                    "primary": {
                        "id": "eipalloc-0f2a4b7f3c88e9fb7",
                        "attributes": {
                            "association_id": "",
                            "domain": "vpc",
                            "id": "eipalloc-0f2a4b7f3c88e9fb7",
                            "instance": "",
                            "network_interface": "",
                            "private_ip": "",
                            "public_ip": "100.24.213.205",
                            "public_ipv4_pool": "amazon",
                            "tags.%": "1",
                            "tags.openshiftClusterID": "b379ccc5-6d85-49b6-9ce7-26035fce7709",
                            "vpc": "true"
                        },
                        "meta": {
                            "e2bfb730-ecaa-11e6-8f88-34363bc7c4c0": {
                                "delete": 180000000000,
                                "read": 900000000000,
                                "update": 300000000000
                            }
                        },
                        "tainted": false
                    },
                    "deposed": [],
                    "provider": "provider.aws"
                },
                "aws_eip.nat_eip.4": {
                    "type": "aws_eip",
                    "depends_on": [
                        "aws_internet_gateway.igw",
                        "local.new_az_count"
                    ],
                    "primary": {
                        "id": "eipalloc-0556e362f2f59755b",
                        "attributes": {
                            "association_id": "",
                            "domain": "vpc",
                            "id": "eipalloc-0556e362f2f59755b",
                            "instance": "",
                            "network_interface": "",
                            "private_ip": "",
                            "public_ip": "54.145.42.181",
                            "public_ipv4_pool": "amazon",
                            "tags.%": "1",
                            "tags.openshiftClusterID": "b379ccc5-6d85-49b6-9ce7-26035fce7709",
                            "vpc": "true"
                        },
                        "meta": {
                            "e2bfb730-ecaa-11e6-8f88-34363bc7c4c0": {
                                "delete": 180000000000,
                                "read": 900000000000,
                                "update": 300000000000
                            }
                        },
                        "tainted": false
                    },
                    "deposed": [],
                    "provider": "provider.aws"
                },
                "aws_eip.nat_eip.5": {
                    "type": "aws_eip",
                    "depends_on": [
                        "aws_internet_gateway.igw",
                        "local.new_az_count"
                    ],
                    "primary": {
                        "id": "eipalloc-03108efadc9fd4156",
                        "attributes": {
                            "association_id": "",
                            "domain": "vpc",
                            "id": "eipalloc-03108efadc9fd4156",
                            "instance": "",
                            "network_interface": "",
                            "private_ip": "",
                            "public_ip": "3.83.77.12",
                            "public_ipv4_pool": "amazon",
                            "tags.%": "1",
                            "tags.openshiftClusterID": "b379ccc5-6d85-49b6-9ce7-26035fce7709",
                            "vpc": "true"
                        },
                        "meta": {
                            "e2bfb730-ecaa-11e6-8f88-34363bc7c4c0": {
                                "delete": 180000000000,
                                "read": 900000000000,
                                "update": 300000000000
                            }
                        },
                        "tainted": false
                    },
                    "deposed": [],
                    "provider": "provider.aws"
                },
                "aws_internet_gateway.igw": {
                    "type": "aws_internet_gateway",
                    "depends_on": [
                        "data.aws_vpc.cluster_vpc"
                    ],
                    "primary": {
                        "id": "igw-0f97e142a7c1099d7",
                        "attributes": {
                            "id": "igw-0f97e142a7c1099d7",
                            "owner_id": "154715230234",
                            "tags.%": "3",
                            "tags.Name": "env1-igw",
                            "tags.kubernetes.io/cluster/env1": "shared",
                            "tags.openshiftClusterID": "b379ccc5-6d85-49b6-9ce7-26035fce7709",
                            "vpc_id": "vpc-03e6c187b62e0af5b"
                        },
                        "meta": {},
                        "tainted": false
                    },
                    "deposed": [],
                    "provider": "provider.aws"
                },
                "aws_lb.api_external": {
                    "type": "aws_lb",
                    "depends_on": [
                        "local.master_subnet_ids"
                    ],
                    "primary": {
                        "id": "arn:aws:elasticloadbalancing:us-east-1:154715230234:loadbalancer/net/env1-ext/6e77b0f1248923e2",
                        "attributes": {
                            "access_logs.#": "1",
                            "arn": "arn:aws:elasticloadbalancing:us-east-1:154715230234:loadbalancer/net/env1-ext/6e77b0f1248923e2",
                            "arn_suffix": "net/env1-ext/6e77b0f1248923e2",
                            "dns_name": "env1-ext-6e77b0f1248923e2.elb.us-east-1.amazonaws.com",
                            "enable_cross_zone_load_balancing": "true",
                            "enable_deletion_protection": "false",
                            "id": "arn:aws:elasticloadbalancing:us-east-1:154715230234:loadbalancer/net/env1-ext/6e77b0f1248923e2",
                            "internal": "false",
                            "ip_address_type": "ipv4",
                            "load_balancer_type": "network",
                            "name": "env1-ext",
                            "security_groups.#": "0",
                            "subnet_mapping.#": "6",
                            "subnet_mapping.1388466980.allocation_id": "",
                            "subnet_mapping.1388466980.subnet_id": "subnet-0e1ff9e58c9790249",
                            "subnet_mapping.1506752132.allocation_id": "",
                            "subnet_mapping.1506752132.subnet_id": "subnet-0228d7d8264171ac9",
                            "subnet_mapping.2062259366.allocation_id": "",
                            "subnet_mapping.2062259366.subnet_id": "subnet-0fff1346f598a5f8f",
                            "subnet_mapping.2527447343.allocation_id": "",
                            "subnet_mapping.2527447343.subnet_id": "subnet-086491b0cb4c4e799",
                            "subnet_mapping.704440080.allocation_id": "",
                            "subnet_mapping.704440080.subnet_id": "subnet-05505f43c82340d2f",
                            "subnet_mapping.810253745.allocation_id": "",
                            "subnet_mapping.810253745.subnet_id": "subnet-0bac9b7fdd623a5ed",
                            "subnets.#": "6",
                            "subnets.1935795063": "subnet-0228d7d8264171ac9",
                            "subnets.2393144960": "subnet-0fff1346f598a5f8f",
                            "subnets.2735460673": "subnet-086491b0cb4c4e799",
                            "subnets.2782618296": "subnet-0e1ff9e58c9790249",
                            "subnets.4058523876": "subnet-0bac9b7fdd623a5ed",
                            "subnets.709163122": "subnet-05505f43c82340d2f",
                            "tags.%": "2",
                            "tags.kubernetes.io/cluster/env1": "owned",
                            "tags.openshiftClusterID": "b379ccc5-6d85-49b6-9ce7-26035fce7709",
                            "vpc_id": "vpc-03e6c187b62e0af5b",
                            "zone_id": "Z26RNL4JYFTOTI"
                        },
                        "meta": {
                            "e2bfb730-ecaa-11e6-8f88-34363bc7c4c0": {
                                "create": 600000000000,
                                "delete": 600000000000,
                                "update": 600000000000
                            }
                        },
                        "tainted": false
                    },
                    "deposed": [],
                    "provider": "provider.aws"
                },
                "aws_lb.api_internal": {
                    "type": "aws_lb",
                    "depends_on": [
                        "local.master_subnet_ids"
                    ],
                    "primary": {
                        "id": "arn:aws:elasticloadbalancing:us-east-1:154715230234:loadbalancer/net/env1-int/7a99f4e4c48beae0",
                        "attributes": {
                            "access_logs.#": "1",
                            "arn": "arn:aws:elasticloadbalancing:us-east-1:154715230234:loadbalancer/net/env1-int/7a99f4e4c48beae0",
                            "arn_suffix": "net/env1-int/7a99f4e4c48beae0",
                            "dns_name": "env1-int-7a99f4e4c48beae0.elb.us-east-1.amazonaws.com",
                            "enable_cross_zone_load_balancing": "true",
                            "enable_deletion_protection": "false",
                            "id": "arn:aws:elasticloadbalancing:us-east-1:154715230234:loadbalancer/net/env1-int/7a99f4e4c48beae0",
                            "internal": "true",
                            "ip_address_type": "ipv4",
                            "load_balancer_type": "network",
                            "name": "env1-int",
                            "security_groups.#": "0",
                            "subnet_mapping.#": "6",
                            "subnet_mapping.1388466980.allocation_id": "",
                            "subnet_mapping.1388466980.subnet_id": "subnet-0e1ff9e58c9790249",
                            "subnet_mapping.1506752132.allocation_id": "",
                            "subnet_mapping.1506752132.subnet_id": "subnet-0228d7d8264171ac9",
                            "subnet_mapping.2062259366.allocation_id": "",
                            "subnet_mapping.2062259366.subnet_id": "subnet-0fff1346f598a5f8f",
                            "subnet_mapping.2527447343.allocation_id": "",
                            "subnet_mapping.2527447343.subnet_id": "subnet-086491b0cb4c4e799",
                            "subnet_mapping.704440080.allocation_id": "",
                            "subnet_mapping.704440080.subnet_id": "subnet-05505f43c82340d2f",
                            "subnet_mapping.810253745.allocation_id": "",
                            "subnet_mapping.810253745.subnet_id": "subnet-0bac9b7fdd623a5ed",
                            "subnets.#": "6",
                            "subnets.1935795063": "subnet-0228d7d8264171ac9",
                            "subnets.2393144960": "subnet-0fff1346f598a5f8f",
                            "subnets.2735460673": "subnet-086491b0cb4c4e799",
                            "subnets.2782618296": "subnet-0e1ff9e58c9790249",
                            "subnets.4058523876": "subnet-0bac9b7fdd623a5ed",
                            "subnets.709163122": "subnet-05505f43c82340d2f",
                            "tags.%": "2",
                            "tags.kubernetes.io/cluster/env1": "owned",
                            "tags.openshiftClusterID": "b379ccc5-6d85-49b6-9ce7-26035fce7709",
                            "vpc_id": "vpc-03e6c187b62e0af5b",
                            "zone_id": "Z26RNL4JYFTOTI"
                        },
                        "meta": {
                            "e2bfb730-ecaa-11e6-8f88-34363bc7c4c0": {
                                "create": 600000000000,
                                "delete": 600000000000,
                                "update": 600000000000
                            }
                        },
                        "tainted": false
                    },
                    "deposed": [],
                    "provider": "provider.aws"
                },
                "aws_lb_listener.api_external_api": {
                    "type": "aws_lb_listener",
                    "depends_on": [
                        "aws_lb.api_external",
                        "aws_lb_target_group.api_external"
                    ],
                    "primary": {
                        "id": "arn:aws:elasticloadbalancing:us-east-1:154715230234:listener/net/env1-ext/6e77b0f1248923e2/98a52fbcdfaf2d6c",
                        "attributes": {
                            "arn": "arn:aws:elasticloadbalancing:us-east-1:154715230234:listener/net/env1-ext/6e77b0f1248923e2/98a52fbcdfaf2d6c",
                            "default_action.#": "1",
                            "default_action.0.authenticate_cognito.#": "0",
                            "default_action.0.authenticate_oidc.#": "0",
                            "default_action.0.fixed_response.#": "0",
                            "default_action.0.order": "1",
                            "default_action.0.redirect.#": "0",
                            "default_action.0.target_group_arn": "arn:aws:elasticloadbalancing:us-east-1:154715230234:targetgroup/env1-api-ext/5c35e87eeddbf9cf",
                            "default_action.0.type": "forward",
                            "id": "arn:aws:elasticloadbalancing:us-east-1:154715230234:listener/net/env1-ext/6e77b0f1248923e2/98a52fbcdfaf2d6c",
                            "load_balancer_arn": "arn:aws:elasticloadbalancing:us-east-1:154715230234:loadbalancer/net/env1-ext/6e77b0f1248923e2",
                            "port": "6443",
                            "protocol": "TCP",
                            "ssl_policy": ""
                        },
                        "meta": {
                            "e2bfb730-ecaa-11e6-8f88-34363bc7c4c0": {
                                "read": 600000000000
                            }
                        },
                        "tainted": false
                    },
                    "deposed": [],
                    "provider": "provider.aws"
                },
                "aws_lb_listener.api_internal_api": {
                    "type": "aws_lb_listener",
                    "depends_on": [
                        "aws_lb.api_internal",
                        "aws_lb_target_group.api_internal"
                    ],
                    "primary": {
                        "id": "arn:aws:elasticloadbalancing:us-east-1:154715230234:listener/net/env1-int/7a99f4e4c48beae0/d031bd652fdf255b",
                        "attributes": {
                            "arn": "arn:aws:elasticloadbalancing:us-east-1:154715230234:listener/net/env1-int/7a99f4e4c48beae0/d031bd652fdf255b",
                            "default_action.#": "1",
                            "default_action.0.authenticate_cognito.#": "0",
                            "default_action.0.authenticate_oidc.#": "0",
                            "default_action.0.fixed_response.#": "0",
                            "default_action.0.order": "1",
                            "default_action.0.redirect.#": "0",
                            "default_action.0.target_group_arn": "arn:aws:elasticloadbalancing:us-east-1:154715230234:targetgroup/env1-api-int/98a48046f32ccc41",
                            "default_action.0.type": "forward",
                            "id": "arn:aws:elasticloadbalancing:us-east-1:154715230234:listener/net/env1-int/7a99f4e4c48beae0/d031bd652fdf255b",
                            "load_balancer_arn": "arn:aws:elasticloadbalancing:us-east-1:154715230234:loadbalancer/net/env1-int/7a99f4e4c48beae0",
                            "port": "6443",
                            "protocol": "TCP",
                            "ssl_policy": ""
                        },
                        "meta": {
                            "e2bfb730-ecaa-11e6-8f88-34363bc7c4c0": {
                                "read": 600000000000
                            }
                        },
                        "tainted": false
                    },
                    "deposed": [],
                    "provider": "provider.aws"
                },
                "aws_lb_listener.api_internal_services": {
                    "type": "aws_lb_listener",
                    "depends_on": [
                        "aws_lb.api_internal",
                        "aws_lb_target_group.services"
                    ],
                    "primary": {
                        "id": "arn:aws:elasticloadbalancing:us-east-1:154715230234:listener/net/env1-int/7a99f4e4c48beae0/3a38af68f8421102",
                        "attributes": {
                            "arn": "arn:aws:elasticloadbalancing:us-east-1:154715230234:listener/net/env1-int/7a99f4e4c48beae0/3a38af68f8421102",
                            "default_action.#": "1",
                            "default_action.0.authenticate_cognito.#": "0",
                            "default_action.0.authenticate_oidc.#": "0",
                            "default_action.0.fixed_response.#": "0",
                            "default_action.0.order": "1",
                            "default_action.0.redirect.#": "0",
                            "default_action.0.target_group_arn": "arn:aws:elasticloadbalancing:us-east-1:154715230234:targetgroup/env1-services/46531b9c128186e5",
                            "default_action.0.type": "forward",
                            "id": "arn:aws:elasticloadbalancing:us-east-1:154715230234:listener/net/env1-int/7a99f4e4c48beae0/3a38af68f8421102",
                            "load_balancer_arn": "arn:aws:elasticloadbalancing:us-east-1:154715230234:loadbalancer/net/env1-int/7a99f4e4c48beae0",
                            "port": "49500",
                            "protocol": "TCP",
                            "ssl_policy": ""
                        },
                        "meta": {
                            "e2bfb730-ecaa-11e6-8f88-34363bc7c4c0": {
                                "read": 600000000000
                            }
                        },
                        "tainted": false
                    },
                    "deposed": [],
                    "provider": "provider.aws"
                },
                "aws_lb_target_group.api_external": {
                    "type": "aws_lb_target_group",
                    "depends_on": [
                        "local.vpc_id"
                    ],
                    "primary": {
                        "id": "arn:aws:elasticloadbalancing:us-east-1:154715230234:targetgroup/env1-api-ext/5c35e87eeddbf9cf",
                        "attributes": {
                            "arn": "arn:aws:elasticloadbalancing:us-east-1:154715230234:targetgroup/env1-api-ext/5c35e87eeddbf9cf",
                            "arn_suffix": "targetgroup/env1-api-ext/5c35e87eeddbf9cf",
                            "deregistration_delay": "300",
                            "health_check.#": "1",
                            "health_check.0.healthy_threshold": "3",
                            "health_check.0.interval": "10",
                            "health_check.0.matcher": "",
                            "health_check.0.path": "",
                            "health_check.0.port": "6443",
                            "health_check.0.protocol": "TCP",
                            "health_check.0.timeout": "10",
                            "health_check.0.unhealthy_threshold": "3",
                            "id": "arn:aws:elasticloadbalancing:us-east-1:154715230234:targetgroup/env1-api-ext/5c35e87eeddbf9cf",
                            "name": "env1-api-ext",
                            "port": "6443",
                            "protocol": "TCP",
                            "proxy_protocol_v2": "false",
                            "slow_start": "0",
                            "stickiness.#": "0",
                            "tags.%": "2",
                            "tags.kubernetes.io/cluster/env1": "owned",
                            "tags.openshiftClusterID": "b379ccc5-6d85-49b6-9ce7-26035fce7709",
                            "target_type": "ip",
                            "vpc_id": "vpc-03e6c187b62e0af5b"
                        },
                        "meta": {},
                        "tainted": false
                    },
                    "deposed": [],
                    "provider": "provider.aws"
                },
                "aws_lb_target_group.api_internal": {
                    "type": "aws_lb_target_group",
                    "depends_on": [
                        "local.vpc_id"
                    ],
                    "primary": {
                        "id": "arn:aws:elasticloadbalancing:us-east-1:154715230234:targetgroup/env1-api-int/98a48046f32ccc41",
                        "attributes": {
                            "arn": "arn:aws:elasticloadbalancing:us-east-1:154715230234:targetgroup/env1-api-int/98a48046f32ccc41",
                            "arn_suffix": "targetgroup/env1-api-int/98a48046f32ccc41",
                            "deregistration_delay": "300",
                            "health_check.#": "1",
                            "health_check.0.healthy_threshold": "3",
                            "health_check.0.interval": "10",
                            "health_check.0.matcher": "",
                            "health_check.0.path": "",
                            "health_check.0.port": "6443",
                            "health_check.0.protocol": "TCP",
                            "health_check.0.timeout": "10",
                            "health_check.0.unhealthy_threshold": "3",
                            "id": "arn:aws:elasticloadbalancing:us-east-1:154715230234:targetgroup/env1-api-int/98a48046f32ccc41",
                            "name": "env1-api-int",
                            "port": "6443",
                            "protocol": "TCP",
                            "proxy_protocol_v2": "false",
                            "slow_start": "0",
                            "stickiness.#": "0",
                            "tags.%": "2",
                            "tags.kubernetes.io/cluster/env1": "owned",
                            "tags.openshiftClusterID": "b379ccc5-6d85-49b6-9ce7-26035fce7709",
                            "target_type": "ip",
                            "vpc_id": "vpc-03e6c187b62e0af5b"
                        },
                        "meta": {},
                        "tainted": false
                    },
                    "deposed": [],
                    "provider": "provider.aws"
                },
                "aws_lb_target_group.services": {
                    "type": "aws_lb_target_group",
                    "depends_on": [
                        "local.vpc_id"
                    ],
                    "primary": {
                        "id": "arn:aws:elasticloadbalancing:us-east-1:154715230234:targetgroup/env1-services/46531b9c128186e5",
                        "attributes": {
                            "arn": "arn:aws:elasticloadbalancing:us-east-1:154715230234:targetgroup/env1-services/46531b9c128186e5",
                            "arn_suffix": "targetgroup/env1-services/46531b9c128186e5",
                            "deregistration_delay": "300",
                            "health_check.#": "1",
                            "health_check.0.healthy_threshold": "3",
                            "health_check.0.interval": "10",
                            "health_check.0.matcher": "",
                            "health_check.0.path": "",
                            "health_check.0.port": "49500",
                            "health_check.0.protocol": "TCP",
                            "health_check.0.timeout": "10",
                            "health_check.0.unhealthy_threshold": "3",
                            "id": "arn:aws:elasticloadbalancing:us-east-1:154715230234:targetgroup/env1-services/46531b9c128186e5",
                            "name": "env1-services",
                            "port": "49500",
                            "protocol": "TCP",
                            "proxy_protocol_v2": "false",
                            "slow_start": "0",
                            "stickiness.#": "0",
                            "tags.%": "2",
                            "tags.kubernetes.io/cluster/env1": "owned",
                            "tags.openshiftClusterID": "b379ccc5-6d85-49b6-9ce7-26035fce7709",
                            "target_type": "ip",
                            "vpc_id": "vpc-03e6c187b62e0af5b"
                        },
                        "meta": {},
                        "tainted": false
                    },
                    "deposed": [],
                    "provider": "provider.aws"
                },
                "aws_main_route_table_association.main_vpc_routes": {
                    "type": "aws_main_route_table_association",
                    "depends_on": [
                        "aws_route_table.default",
                        "data.aws_vpc.cluster_vpc"
                    ],
                    "primary": {
                        "id": "rtbassoc-0de3ddab51b396fae",
                        "attributes": {
                            "id": "rtbassoc-0de3ddab51b396fae",
                            "original_route_table_id": "rtb-01f83bf4ae044dc90",
                            "route_table_id": "rtb-0d232170e577cab81",
                            "vpc_id": "vpc-03e6c187b62e0af5b"
                        },
                        "meta": {},
                        "tainted": false
                    },
                    "deposed": [],
                    "provider": "provider.aws"
                },
                "aws_nat_gateway.nat_gw.0": {
                    "type": "aws_nat_gateway",
                    "depends_on": [
                        "aws_eip.nat_eip.*",
                        "aws_subnet.master_subnet.*",
                        "local.new_az_count"
                    ],
                    "primary": {
                        "id": "nat-003908cbb5e540040",
                        "attributes": {
                            "allocation_id": "eipalloc-0d30bc141959c9a61",
                            "id": "nat-003908cbb5e540040",
                            "network_interface_id": "eni-0a9d82f352e925061",
                            "private_ip": "10.0.14.243",
                            "public_ip": "3.84.166.199",
                            "subnet_id": "subnet-086491b0cb4c4e799",
                            "tags.%": "1",
                            "tags.openshiftClusterID": "b379ccc5-6d85-49b6-9ce7-26035fce7709"
                        },
                        "meta": {},
                        "tainted": false
                    },
                    "deposed": [],
                    "provider": "provider.aws"
                },
                "aws_nat_gateway.nat_gw.1": {
                    "type": "aws_nat_gateway",
                    "depends_on": [
                        "aws_eip.nat_eip.*",
                        "aws_subnet.master_subnet.*",
                        "local.new_az_count"
                    ],
                    "primary": {
                        "id": "nat-08f559eab9d28c4e3",
                        "attributes": {
                            "allocation_id": "eipalloc-0b61af037b308ab65",
                            "id": "nat-08f559eab9d28c4e3",
                            "network_interface_id": "eni-0dae4c53209b4d37d",
                            "private_ip": "10.0.19.193",
                            "public_ip": "54.167.162.241",
                            "subnet_id": "subnet-0e1ff9e58c9790249",
                            "tags.%": "1",
                            "tags.openshiftClusterID": "b379ccc5-6d85-49b6-9ce7-26035fce7709"
                        },
                        "meta": {},
                        "tainted": false
                    },
                    "deposed": [],
                    "provider": "provider.aws"
                },
                "aws_nat_gateway.nat_gw.2": {
                    "type": "aws_nat_gateway",
                    "depends_on": [
                        "aws_eip.nat_eip.*",
                        "aws_subnet.master_subnet.*",
                        "local.new_az_count"
                    ],
                    "primary": {
                        "id": "nat-0a3649f2753ef0a4c",
                        "attributes": {
                            "allocation_id": "eipalloc-0e267fe3d23b5d77b",
                            "id": "nat-0a3649f2753ef0a4c",
                            "network_interface_id": "eni-028a7e47cbc147cbf",
                            "private_ip": "10.0.47.177",
                            "public_ip": "34.206.239.69",
                            "subnet_id": "subnet-0bac9b7fdd623a5ed",
                            "tags.%": "1",
                            "tags.openshiftClusterID": "b379ccc5-6d85-49b6-9ce7-26035fce7709"
                        },
                        "meta": {},
                        "tainted": false
                    },
                    "deposed": [],
                    "provider": "provider.aws"
                },
                "aws_nat_gateway.nat_gw.3": {
                    "type": "aws_nat_gateway",
                    "depends_on": [
                        "aws_eip.nat_eip.*",
                        "aws_subnet.master_subnet.*",
                        "local.new_az_count"
                    ],
                    "primary": {
                        "id": "nat-0a71aa8e3d35d8b9e",
                        "attributes": {
                            "allocation_id": "eipalloc-0f2a4b7f3c88e9fb7",
                            "id": "nat-0a71aa8e3d35d8b9e",
                            "network_interface_id": "eni-0752142245a2838ea",
                            "private_ip": "10.0.49.188",
                            "public_ip": "100.24.213.205",
                            "subnet_id": "subnet-0fff1346f598a5f8f",
                            "tags.%": "1",
                            "tags.openshiftClusterID": "b379ccc5-6d85-49b6-9ce7-26035fce7709"
                        },
                        "meta": {},
                        "tainted": false
                    },
                    "deposed": [],
                    "provider": "provider.aws"
                },
                "aws_nat_gateway.nat_gw.4": {
                    "type": "aws_nat_gateway",
                    "depends_on": [
                        "aws_eip.nat_eip.*",
                        "aws_subnet.master_subnet.*",
                        "local.new_az_count"
                    ],
                    "primary": {
                        "id": "nat-07a092c00bb3a17f6",
                        "attributes": {
                            "allocation_id": "eipalloc-0556e362f2f59755b",
                            "id": "nat-07a092c00bb3a17f6",
                            "network_interface_id": "eni-00a86a91e0f97fadd",
                            "private_ip": "10.0.76.47",
                            "public_ip": "54.145.42.181",
                            "subnet_id": "subnet-0228d7d8264171ac9",
                            "tags.%": "1",
                            "tags.openshiftClusterID": "b379ccc5-6d85-49b6-9ce7-26035fce7709"
                        },
                        "meta": {},
                        "tainted": false
                    },
                    "deposed": [],
                    "provider": "provider.aws"
                },
                "aws_nat_gateway.nat_gw.5": {
                    "type": "aws_nat_gateway",
                    "depends_on": [
                        "aws_eip.nat_eip.*",
                        "aws_subnet.master_subnet.*",
                        "local.new_az_count"
                    ],
                    "primary": {
                        "id": "nat-0a66652f4ee114fe9",
                        "attributes": {
                            "allocation_id": "eipalloc-03108efadc9fd4156",
                            "id": "nat-0a66652f4ee114fe9",
                            "network_interface_id": "eni-01c9892d44b0d7b3f",
                            "private_ip": "10.0.89.120",
                            "public_ip": "3.83.77.12",
                            "subnet_id": "subnet-05505f43c82340d2f",
                            "tags.%": "1",
                            "tags.openshiftClusterID": "b379ccc5-6d85-49b6-9ce7-26035fce7709"
                        },
                        "meta": {},
                        "tainted": false
                    },
                    "deposed": [],
                    "provider": "provider.aws"
                },
                "aws_route.igw_route": {
                    "type": "aws_route",
                    "depends_on": [
                        "aws_internet_gateway.igw",
                        "aws_route_table.default"
                    ],
                    "primary": {
                        "id": "r-rtb-0d232170e577cab811080289494",
                        "attributes": {
                            "destination_cidr_block": "0.0.0.0/0",
                            "destination_prefix_list_id": "",
                            "egress_only_gateway_id": "",
                            "gateway_id": "igw-0f97e142a7c1099d7",
                            "id": "r-rtb-0d232170e577cab811080289494",
                            "instance_id": "",
                            "instance_owner_id": "",
                            "nat_gateway_id": "",
                            "network_interface_id": "",
                            "origin": "CreateRoute",
                            "route_table_id": "rtb-0d232170e577cab81",
                            "state": "active",
                            "transit_gateway_id": "",
                            "vpc_peering_connection_id": ""
                        },
                        "meta": {
                            "e2bfb730-ecaa-11e6-8f88-34363bc7c4c0": {
                                "create": 120000000000,
                                "delete": 300000000000
                            }
                        },
                        "tainted": false
                    },
                    "deposed": [],
                    "provider": "provider.aws"
                },
                "aws_route.to_nat_gw.0": {
                    "type": "aws_route",
                    "depends_on": [
                        "aws_nat_gateway.nat_gw.*",
                        "aws_route_table.private_routes",
                        "aws_route_table.private_routes.*",
                        "local.new_az_count"
                    ],
                    "primary": {
                        "id": "r-rtb-0d1fb657e936ad2691080289494",
                        "attributes": {
                            "destination_cidr_block": "0.0.0.0/0",
                            "destination_prefix_list_id": "",
                            "egress_only_gateway_id": "",
                            "gateway_id": "",
                            "id": "r-rtb-0d1fb657e936ad2691080289494",
                            "instance_id": "",
                            "instance_owner_id": "",
                            "nat_gateway_id": "nat-003908cbb5e540040",
                            "network_interface_id": "",
                            "origin": "CreateRoute",
                            "route_table_id": "rtb-0d1fb657e936ad269",
                            "state": "active",
                            "transit_gateway_id": "",
                            "vpc_peering_connection_id": ""
                        },
                        "meta": {
                            "e2bfb730-ecaa-11e6-8f88-34363bc7c4c0": {
                                "create": 120000000000,
                                "delete": 300000000000
                            }
                        },
                        "tainted": false
                    },
                    "deposed": [],
                    "provider": "provider.aws"
                },
                "aws_route.to_nat_gw.1": {
                    "type": "aws_route",
                    "depends_on": [
                        "aws_nat_gateway.nat_gw.*",
                        "aws_route_table.private_routes",
                        "aws_route_table.private_routes.*",
                        "local.new_az_count"
                    ],
                    "primary": {
                        "id": "r-rtb-0acc193be3a700cb11080289494",
                        "attributes": {
                            "destination_cidr_block": "0.0.0.0/0",
                            "destination_prefix_list_id": "",
                            "egress_only_gateway_id": "",
                            "gateway_id": "",
                            "id": "r-rtb-0acc193be3a700cb11080289494",
                            "instance_id": "",
                            "instance_owner_id": "",
                            "nat_gateway_id": "nat-08f559eab9d28c4e3",
                            "network_interface_id": "",
                            "origin": "CreateRoute",
                            "route_table_id": "rtb-0acc193be3a700cb1",
                            "state": "active",
                            "transit_gateway_id": "",
                            "vpc_peering_connection_id": ""
                        },
                        "meta": {
                            "e2bfb730-ecaa-11e6-8f88-34363bc7c4c0": {
                                "create": 120000000000,
                                "delete": 300000000000
                            }
                        },
                        "tainted": false
                    },
                    "deposed": [],
                    "provider": "provider.aws"
                },
                "aws_route.to_nat_gw.2": {
                    "type": "aws_route",
                    "depends_on": [
                        "aws_nat_gateway.nat_gw.*",
                        "aws_route_table.private_routes",
                        "aws_route_table.private_routes.*",
                        "local.new_az_count"
                    ],
                    "primary": {
                        "id": "r-rtb-010b77f7f5a1d590c1080289494",
                        "attributes": {
                            "destination_cidr_block": "0.0.0.0/0",
                            "destination_prefix_list_id": "",
                            "egress_only_gateway_id": "",
                            "gateway_id": "",
                            "id": "r-rtb-010b77f7f5a1d590c1080289494",
                            "instance_id": "",
                            "instance_owner_id": "",
                            "nat_gateway_id": "nat-0a3649f2753ef0a4c",
                            "network_interface_id": "",
                            "origin": "CreateRoute",
                            "route_table_id": "rtb-010b77f7f5a1d590c",
                            "state": "active",
                            "transit_gateway_id": "",
                            "vpc_peering_connection_id": ""
                        },
                        "meta": {
                            "e2bfb730-ecaa-11e6-8f88-34363bc7c4c0": {
                                "create": 120000000000,
                                "delete": 300000000000
                            }
                        },
                        "tainted": false
                    },
                    "deposed": [],
                    "provider": "provider.aws"
                },
                "aws_route.to_nat_gw.3": {
                    "type": "aws_route",
                    "depends_on": [
                        "aws_nat_gateway.nat_gw.*",
                        "aws_route_table.private_routes",
                        "aws_route_table.private_routes.*",
                        "local.new_az_count"
                    ],
                    "primary": {
                        "id": "r-rtb-0001854d3a331847e1080289494",
                        "attributes": {
                            "destination_cidr_block": "0.0.0.0/0",
                            "destination_prefix_list_id": "",
                            "egress_only_gateway_id": "",
                            "gateway_id": "",
                            "id": "r-rtb-0001854d3a331847e1080289494",
                            "instance_id": "",
                            "instance_owner_id": "",
                            "nat_gateway_id": "nat-0a71aa8e3d35d8b9e",
                            "network_interface_id": "",
                            "origin": "CreateRoute",
                            "route_table_id": "rtb-0001854d3a331847e",
                            "state": "active",
                            "transit_gateway_id": "",
                            "vpc_peering_connection_id": ""
                        },
                        "meta": {
                            "e2bfb730-ecaa-11e6-8f88-34363bc7c4c0": {
                                "create": 120000000000,
                                "delete": 300000000000
                            }
                        },
                        "tainted": false
                    },
                    "deposed": [],
                    "provider": "provider.aws"
                },
                "aws_route.to_nat_gw.4": {
                    "type": "aws_route",
                    "depends_on": [
                        "aws_nat_gateway.nat_gw.*",
                        "aws_route_table.private_routes",
                        "aws_route_table.private_routes.*",
                        "local.new_az_count"
                    ],
                    "primary": {
                        "id": "r-rtb-083432ddfc689da1e1080289494",
                        "attributes": {
                            "destination_cidr_block": "0.0.0.0/0",
                            "destination_prefix_list_id": "",
                            "egress_only_gateway_id": "",
                            "gateway_id": "",
                            "id": "r-rtb-083432ddfc689da1e1080289494",
                            "instance_id": "",
                            "instance_owner_id": "",
                            "nat_gateway_id": "nat-07a092c00bb3a17f6",
                            "network_interface_id": "",
                            "origin": "CreateRoute",
                            "route_table_id": "rtb-083432ddfc689da1e",
                            "state": "active",
                            "transit_gateway_id": "",
                            "vpc_peering_connection_id": ""
                        },
                        "meta": {
                            "e2bfb730-ecaa-11e6-8f88-34363bc7c4c0": {
                                "create": 120000000000,
                                "delete": 300000000000
                            }
                        },
                        "tainted": false
                    },
                    "deposed": [],
                    "provider": "provider.aws"
                },
                "aws_route.to_nat_gw.5": {
                    "type": "aws_route",
                    "depends_on": [
                        "aws_nat_gateway.nat_gw.*",
                        "aws_route_table.private_routes",
                        "aws_route_table.private_routes.*",
                        "local.new_az_count"
                    ],
                    "primary": {
                        "id": "r-rtb-068582be3339fe8b81080289494",
                        "attributes": {
                            "destination_cidr_block": "0.0.0.0/0",
                            "destination_prefix_list_id": "",
                            "egress_only_gateway_id": "",
                            "gateway_id": "",
                            "id": "r-rtb-068582be3339fe8b81080289494",
                            "instance_id": "",
                            "instance_owner_id": "",
                            "nat_gateway_id": "nat-0a66652f4ee114fe9",
                            "network_interface_id": "",
                            "origin": "CreateRoute",
                            "route_table_id": "rtb-068582be3339fe8b8",
                            "state": "active",
                            "transit_gateway_id": "",
                            "vpc_peering_connection_id": ""
                        },
                        "meta": {
                            "e2bfb730-ecaa-11e6-8f88-34363bc7c4c0": {
                                "create": 120000000000,
                                "delete": 300000000000
                            }
                        },
                        "tainted": false
                    },
                    "deposed": [],
                    "provider": "provider.aws"
                },
                "aws_route_table.default": {
                    "type": "aws_route_table",
                    "depends_on": [
                        "data.aws_vpc.cluster_vpc"
                    ],
                    "primary": {
                        "id": "rtb-0d232170e577cab81",
                        "attributes": {
                            "id": "rtb-0d232170e577cab81",
                            "owner_id": "154715230234",
                            "propagating_vgws.#": "0",
                            "route.#": "0",
                            "tags.%": "3",
                            "tags.Name": "env1-public",
                            "tags.kubernetes.io/cluster/env1": "shared",
                            "tags.openshiftClusterID": "b379ccc5-6d85-49b6-9ce7-26035fce7709",
                            "vpc_id": "vpc-03e6c187b62e0af5b"
                        },
                        "meta": {},
                        "tainted": false
                    },
                    "deposed": [],
                    "provider": "provider.aws"
                },
                "aws_route_table.private_routes.0": {
                    "type": "aws_route_table",
                    "depends_on": [
                        "data.aws_vpc.cluster_vpc",
                        "local.new_az_count",
                        "local.new_subnet_azs"
                    ],
                    "primary": {
                        "id": "rtb-0d1fb657e936ad269",
                        "attributes": {
                            "id": "rtb-0d1fb657e936ad269",
                            "owner_id": "154715230234",
                            "propagating_vgws.#": "0",
                            "route.#": "0",
                            "tags.%": "3",
                            "tags.Name": "env1-private-us-east-1a",
                            "tags.kubernetes.io/cluster/env1": "shared",
                            "tags.openshiftClusterID": "b379ccc5-6d85-49b6-9ce7-26035fce7709",
                            "vpc_id": "vpc-03e6c187b62e0af5b"
                        },
                        "meta": {},
                        "tainted": false
                    },
                    "deposed": [],
                    "provider": "provider.aws"
                },
                "aws_route_table.private_routes.1": {
                    "type": "aws_route_table",
                    "depends_on": [
                        "data.aws_vpc.cluster_vpc",
                        "local.new_az_count",
                        "local.new_subnet_azs"
                    ],
                    "primary": {
                        "id": "rtb-0acc193be3a700cb1",
                        "attributes": {
                            "id": "rtb-0acc193be3a700cb1",
                            "owner_id": "154715230234",
                            "propagating_vgws.#": "0",
                            "route.#": "0",
                            "tags.%": "3",
                            "tags.Name": "env1-private-us-east-1b",
                            "tags.kubernetes.io/cluster/env1": "shared",
                            "tags.openshiftClusterID": "b379ccc5-6d85-49b6-9ce7-26035fce7709",
                            "vpc_id": "vpc-03e6c187b62e0af5b"
                        },
                        "meta": {},
                        "tainted": false
                    },
                    "deposed": [],
                    "provider": "provider.aws"
                },
                "aws_route_table.private_routes.2": {
                    "type": "aws_route_table",
                    "depends_on": [
                        "data.aws_vpc.cluster_vpc",
                        "local.new_az_count",
                        "local.new_subnet_azs"
                    ],
                    "primary": {
                        "id": "rtb-010b77f7f5a1d590c",
                        "attributes": {
                            "id": "rtb-010b77f7f5a1d590c",
                            "owner_id": "154715230234",
                            "propagating_vgws.#": "0",
                            "route.#": "0",
                            "tags.%": "3",
                            "tags.Name": "env1-private-us-east-1c",
                            "tags.kubernetes.io/cluster/env1": "shared",
                            "tags.openshiftClusterID": "b379ccc5-6d85-49b6-9ce7-26035fce7709",
                            "vpc_id": "vpc-03e6c187b62e0af5b"
                        },
                        "meta": {},
                        "tainted": false
                    },
                    "deposed": [],
                    "provider": "provider.aws"
                },
                "aws_route_table.private_routes.3": {
                    "type": "aws_route_table",
                    "depends_on": [
                        "data.aws_vpc.cluster_vpc",
                        "local.new_az_count",
                        "local.new_subnet_azs"
                    ],
                    "primary": {
                        "id": "rtb-0001854d3a331847e",
                        "attributes": {
                            "id": "rtb-0001854d3a331847e",
                            "owner_id": "154715230234",
                            "propagating_vgws.#": "0",
                            "route.#": "0",
                            "tags.%": "3",
                            "tags.Name": "env1-private-us-east-1d",
                            "tags.kubernetes.io/cluster/env1": "shared",
                            "tags.openshiftClusterID": "b379ccc5-6d85-49b6-9ce7-26035fce7709",
                            "vpc_id": "vpc-03e6c187b62e0af5b"
                        },
                        "meta": {},
                        "tainted": false
                    },
                    "deposed": [],
                    "provider": "provider.aws"
                },
                "aws_route_table.private_routes.4": {
                    "type": "aws_route_table",
                    "depends_on": [
                        "data.aws_vpc.cluster_vpc",
                        "local.new_az_count",
                        "local.new_subnet_azs"
                    ],
                    "primary": {
                        "id": "rtb-083432ddfc689da1e",
                        "attributes": {
                            "id": "rtb-083432ddfc689da1e",
                            "owner_id": "154715230234",
                            "propagating_vgws.#": "0",
                            "route.#": "0",
                            "tags.%": "3",
                            "tags.Name": "env1-private-us-east-1e",
                            "tags.kubernetes.io/cluster/env1": "shared",
                            "tags.openshiftClusterID": "b379ccc5-6d85-49b6-9ce7-26035fce7709",
                            "vpc_id": "vpc-03e6c187b62e0af5b"
                        },
                        "meta": {},
                        "tainted": false
                    },
                    "deposed": [],
                    "provider": "provider.aws"
                },
                "aws_route_table.private_routes.5": {
                    "type": "aws_route_table",
                    "depends_on": [
                        "data.aws_vpc.cluster_vpc",
                        "local.new_az_count",
                        "local.new_subnet_azs"
                    ],
                    "primary": {
                        "id": "rtb-068582be3339fe8b8",
                        "attributes": {
                            "id": "rtb-068582be3339fe8b8",
                            "owner_id": "154715230234",
                            "propagating_vgws.#": "0",
                            "route.#": "0",
                            "tags.%": "3",
                            "tags.Name": "env1-private-us-east-1f",
                            "tags.kubernetes.io/cluster/env1": "shared",
                            "tags.openshiftClusterID": "b379ccc5-6d85-49b6-9ce7-26035fce7709",
                            "vpc_id": "vpc-03e6c187b62e0af5b"
                        },
                        "meta": {},
                        "tainted": false
                    },
                    "deposed": [],
                    "provider": "provider.aws"
                },
                "aws_route_table_association.route_net.0": {
                    "type": "aws_route_table_association",
                    "depends_on": [
                        "aws_route_table.default",
                        "aws_subnet.master_subnet.*",
                        "local.new_az_count"
                    ],
                    "primary": {
                        "id": "rtbassoc-0c67b478c1f031f11",
                        "attributes": {
                            "id": "rtbassoc-0c67b478c1f031f11",
                            "route_table_id": "rtb-0d232170e577cab81",
                            "subnet_id": "subnet-086491b0cb4c4e799"
                        },
                        "meta": {},
                        "tainted": false
                    },
                    "deposed": [],
                    "provider": "provider.aws"
                },
                "aws_route_table_association.route_net.1": {
                    "type": "aws_route_table_association",
                    "depends_on": [
                        "aws_route_table.default",
                        "aws_subnet.master_subnet.*",
                        "local.new_az_count"
                    ],
                    "primary": {
                        "id": "rtbassoc-0fc8747fa4dfcae3b",
                        "attributes": {
                            "id": "rtbassoc-0fc8747fa4dfcae3b",
                            "route_table_id": "rtb-0d232170e577cab81",
                            "subnet_id": "subnet-0e1ff9e58c9790249"
                        },
                        "meta": {},
                        "tainted": false
                    },
                    "deposed": [],
                    "provider": "provider.aws"
                },
                "aws_route_table_association.route_net.2": {
                    "type": "aws_route_table_association",
                    "depends_on": [
                        "aws_route_table.default",
                        "aws_subnet.master_subnet.*",
                        "local.new_az_count"
                    ],
                    "primary": {
                        "id": "rtbassoc-0da67352abd5cf2af",
                        "attributes": {
                            "id": "rtbassoc-0da67352abd5cf2af",
                            "route_table_id": "rtb-0d232170e577cab81",
                            "subnet_id": "subnet-0bac9b7fdd623a5ed"
                        },
                        "meta": {},
                        "tainted": false
                    },
                    "deposed": [],
                    "provider": "provider.aws"
                },
                "aws_route_table_association.route_net.3": {
                    "type": "aws_route_table_association",
                    "depends_on": [
                        "aws_route_table.default",
                        "aws_subnet.master_subnet.*",
                        "local.new_az_count"
                    ],
                    "primary": {
                        "id": "rtbassoc-0c6c280f4f3e49d16",
                        "attributes": {
                            "id": "rtbassoc-0c6c280f4f3e49d16",
                            "route_table_id": "rtb-0d232170e577cab81",
                            "subnet_id": "subnet-0fff1346f598a5f8f"
                        },
                        "meta": {},
                        "tainted": false
                    },
                    "deposed": [],
                    "provider": "provider.aws"
                },
                "aws_route_table_association.route_net.4": {
                    "type": "aws_route_table_association",
                    "depends_on": [
                        "aws_route_table.default",
                        "aws_subnet.master_subnet.*",
                        "local.new_az_count"
                    ],
                    "primary": {
                        "id": "rtbassoc-003b3cbd013e8d2fa",
                        "attributes": {
                            "id": "rtbassoc-003b3cbd013e8d2fa",
                            "route_table_id": "rtb-0d232170e577cab81",
                            "subnet_id": "subnet-0228d7d8264171ac9"
                        },
                        "meta": {},
                        "tainted": false
                    },
                    "deposed": [],
                    "provider": "provider.aws"
                },
                "aws_route_table_association.route_net.5": {
                    "type": "aws_route_table_association",
                    "depends_on": [
                        "aws_route_table.default",
                        "aws_subnet.master_subnet.*",
                        "local.new_az_count"
                    ],
                    "primary": {
                        "id": "rtbassoc-05dca5e3f48513e82",
                        "attributes": {
                            "id": "rtbassoc-05dca5e3f48513e82",
                            "route_table_id": "rtb-0d232170e577cab81",
                            "subnet_id": "subnet-05505f43c82340d2f"
                        },
                        "meta": {},
                        "tainted": false
                    },
                    "deposed": [],
                    "provider": "provider.aws"
                },
                "aws_route_table_association.worker_routing.0": {
                    "type": "aws_route_table_association",
                    "depends_on": [
                        "aws_route_table.private_routes.*",
                        "aws_subnet.worker_subnet.*",
                        "local.new_az_count"
                    ],
                    "primary": {
                        "id": "rtbassoc-09b06901e500289a8",
                        "attributes": {
                            "id": "rtbassoc-09b06901e500289a8",
                            "route_table_id": "rtb-0d1fb657e936ad269",
                            "subnet_id": "subnet-0ec841413da7ea99f"
                        },
                        "meta": {},
                        "tainted": false
                    },
                    "deposed": [],
                    "provider": "provider.aws"
                },
                "aws_route_table_association.worker_routing.1": {
                    "type": "aws_route_table_association",
                    "depends_on": [
                        "aws_route_table.private_routes.*",
                        "aws_subnet.worker_subnet.*",
                        "local.new_az_count"
                    ],
                    "primary": {
                        "id": "rtbassoc-08bcda6e80f72e067",
                        "attributes": {
                            "id": "rtbassoc-08bcda6e80f72e067",
                            "route_table_id": "rtb-0acc193be3a700cb1",
                            "subnet_id": "subnet-06c2f555d9f10cd08"
                        },
                        "meta": {},
                        "tainted": false
                    },
                    "deposed": [],
                    "provider": "provider.aws"
                },
                "aws_route_table_association.worker_routing.2": {
                    "type": "aws_route_table_association",
                    "depends_on": [
                        "aws_route_table.private_routes.*",
                        "aws_subnet.worker_subnet.*",
                        "local.new_az_count"
                    ],
                    "primary": {
                        "id": "rtbassoc-0fce5cc4d3605f2c2",
                        "attributes": {
                            "id": "rtbassoc-0fce5cc4d3605f2c2",
                            "route_table_id": "rtb-010b77f7f5a1d590c",
                            "subnet_id": "subnet-0a2ecb4b578297ad2"
                        },
                        "meta": {},
                        "tainted": false
                    },
                    "deposed": [],
                    "provider": "provider.aws"
                },
                "aws_route_table_association.worker_routing.3": {
                    "type": "aws_route_table_association",
                    "depends_on": [
                        "aws_route_table.private_routes.*",
                        "aws_subnet.worker_subnet.*",
                        "local.new_az_count"
                    ],
                    "primary": {
                        "id": "rtbassoc-0b747f6bbbee3c418",
                        "attributes": {
                            "id": "rtbassoc-0b747f6bbbee3c418",
                            "route_table_id": "rtb-0001854d3a331847e",
                            "subnet_id": "subnet-0d174cfe6dfe07e10"
                        },
                        "meta": {},
                        "tainted": false
                    },
                    "deposed": [],
                    "provider": "provider.aws"
                },
                "aws_route_table_association.worker_routing.4": {
                    "type": "aws_route_table_association",
                    "depends_on": [
                        "aws_route_table.private_routes.*",
                        "aws_subnet.worker_subnet.*",
                        "local.new_az_count"
                    ],
                    "primary": {
                        "id": "rtbassoc-024a61745a5abbb5c",
                        "attributes": {
                            "id": "rtbassoc-024a61745a5abbb5c",
                            "route_table_id": "rtb-083432ddfc689da1e",
                            "subnet_id": "subnet-02a2e814d4cc8302e"
                        },
                        "meta": {},
                        "tainted": false
                    },
                    "deposed": [],
                    "provider": "provider.aws"
                },
                "aws_route_table_association.worker_routing.5": {
                    "type": "aws_route_table_association",
                    "depends_on": [
                        "aws_route_table.private_routes.*",
                        "aws_subnet.worker_subnet.*",
                        "local.new_az_count"
                    ],
                    "primary": {
                        "id": "rtbassoc-0158050e1e793fed7",
                        "attributes": {
                            "id": "rtbassoc-0158050e1e793fed7",
                            "route_table_id": "rtb-068582be3339fe8b8",
                            "subnet_id": "subnet-097beadbc8f3ace7f"
                        },
                        "meta": {},
                        "tainted": false
                    },
                    "deposed": [],
                    "provider": "provider.aws"
                },
                "aws_security_group.api": {
                    "type": "aws_security_group",
                    "depends_on": [
                        "data.aws_vpc.cluster_vpc"
                    ],
                    "primary": {
                        "id": "sg-0373f44aeca7bc8e0",
                        "attributes": {
                            "arn": "arn:aws:ec2:us-east-1:154715230234:security-group/sg-0373f44aeca7bc8e0",
                            "description": "Managed by Terraform",
                            "egress.#": "0",
                            "id": "sg-0373f44aeca7bc8e0",
                            "ingress.#": "0",
                            "name": "terraform-20181228194622981100000005",
                            "owner_id": "154715230234",
                            "revoke_rules_on_delete": "false",
                            "tags.%": "3",
                            "tags.Name": "env1_api_sg",
                            "tags.kubernetes.io/cluster/env1": "owned",
                            "tags.openshiftClusterID": "b379ccc5-6d85-49b6-9ce7-26035fce7709",
                            "vpc_id": "vpc-03e6c187b62e0af5b"
                        },
                        "meta": {
                            "e2bfb730-ecaa-11e6-8f88-34363bc7c4c0": {
                                "create": 600000000000,
                                "delete": 600000000000
                            },
                            "schema_version": "1"
                        },
                        "tainted": false
                    },
                    "deposed": [],
                    "provider": "provider.aws"
                },
                "aws_security_group.console": {
                    "type": "aws_security_group",
                    "depends_on": [
                        "data.aws_vpc.cluster_vpc"
                    ],
                    "primary": {
                        "id": "sg-0c85a5b5ba615f779",
                        "attributes": {
                            "arn": "arn:aws:ec2:us-east-1:154715230234:security-group/sg-0c85a5b5ba615f779",
                            "description": "Managed by Terraform",
                            "egress.#": "0",
                            "id": "sg-0c85a5b5ba615f779",
                            "ingress.#": "0",
                            "name": "terraform-20181228194620457300000002",
                            "owner_id": "154715230234",
                            "revoke_rules_on_delete": "false",
                            "tags.%": "3",
                            "tags.Name": "env1_console_sg",
                            "tags.kubernetes.io/cluster/env1": "owned",
                            "tags.openshiftClusterID": "b379ccc5-6d85-49b6-9ce7-26035fce7709",
                            "vpc_id": "vpc-03e6c187b62e0af5b"
                        },
                        "meta": {
                            "e2bfb730-ecaa-11e6-8f88-34363bc7c4c0": {
                                "create": 600000000000,
                                "delete": 600000000000
                            },
                            "schema_version": "1"
                        },
                        "tainted": false
                    },
                    "deposed": [],
                    "provider": "provider.aws"
                },
                "aws_security_group.etcd": {
                    "type": "aws_security_group",
                    "depends_on": [
                        "data.aws_vpc.cluster_vpc"
                    ],
                    "primary": {
                        "id": "sg-06d640e2dbb9b6b21",
                        "attributes": {
                            "arn": "arn:aws:ec2:us-east-1:154715230234:security-group/sg-06d640e2dbb9b6b21",
                            "description": "Managed by Terraform",
                            "egress.#": "0",
                            "id": "sg-06d640e2dbb9b6b21",
                            "ingress.#": "0",
                            "name": "terraform-20181228194620459800000004",
                            "owner_id": "154715230234",
                            "revoke_rules_on_delete": "false",
                            "tags.%": "3",
                            "tags.Name": "env1_etcd_sg",
                            "tags.kubernetes.io/cluster/env1": "owned",
                            "tags.openshiftClusterID": "b379ccc5-6d85-49b6-9ce7-26035fce7709",
                            "vpc_id": "vpc-03e6c187b62e0af5b"
                        },
                        "meta": {
                            "e2bfb730-ecaa-11e6-8f88-34363bc7c4c0": {
                                "create": 600000000000,
                                "delete": 600000000000
                            },
                            "schema_version": "1"
                        },
                        "tainted": false
                    },
                    "deposed": [],
                    "provider": "provider.aws"
                },
                "aws_security_group.master": {
                    "type": "aws_security_group",
                    "depends_on": [
                        "data.aws_vpc.cluster_vpc"
                    ],
                    "primary": {
                        "id": "sg-00e47a2656e3572c5",
                        "attributes": {
                            "arn": "arn:aws:ec2:us-east-1:154715230234:security-group/sg-00e47a2656e3572c5",
                            "description": "Managed by Terraform",
                            "egress.#": "1",
                            "egress.482069346.cidr_blocks.#": "1",
                            "egress.482069346.cidr_blocks.0": "0.0.0.0/0",
                            "egress.482069346.description": "",
                            "egress.482069346.from_port": "0",
                            "egress.482069346.ipv6_cidr_blocks.#": "0",
                            "egress.482069346.prefix_list_ids.#": "0",
                            "egress.482069346.protocol": "-1",
                            "egress.482069346.security_groups.#": "0",
                            "egress.482069346.self": "false",
                            "egress.482069346.to_port": "0",
                            "id": "sg-00e47a2656e3572c5",
                            "ingress.#": "16",
                            "ingress.1215320899.cidr_blocks.#": "1",
                            "ingress.1215320899.cidr_blocks.0": "10.0.0.0/16",
                            "ingress.1215320899.description": "",
                            "ingress.1215320899.from_port": "0",
                            "ingress.1215320899.ipv6_cidr_blocks.#": "0",
                            "ingress.1215320899.prefix_list_ids.#": "0",
                            "ingress.1215320899.protocol": "icmp",
                            "ingress.1215320899.security_groups.#": "0",
                            "ingress.1215320899.self": "false",
                            "ingress.1215320899.to_port": "0",
                            "ingress.1390031751.cidr_blocks.#": "0",
                            "ingress.1390031751.description": "",
                            "ingress.1390031751.from_port": "10252",
                            "ingress.1390031751.ipv6_cidr_blocks.#": "0",
                            "ingress.1390031751.prefix_list_ids.#": "0",
                            "ingress.1390031751.protocol": "tcp",
                            "ingress.1390031751.security_groups.#": "1",
                            "ingress.1390031751.security_groups.1466179403": "sg-0b95ded18249452ee",
                            "ingress.1390031751.self": "true",
                            "ingress.1390031751.to_port": "10252",
                            "ingress.1431068065.cidr_blocks.#": "0",
                            "ingress.1431068065.description": "",
                            "ingress.1431068065.from_port": "2379",
                            "ingress.1431068065.ipv6_cidr_blocks.#": "0",
                            "ingress.1431068065.prefix_list_ids.#": "0",
                            "ingress.1431068065.protocol": "tcp",
                            "ingress.1431068065.security_groups.#": "0",
                            "ingress.1431068065.self": "true",
                            "ingress.1431068065.to_port": "2380",
                            "ingress.1823110227.cidr_blocks.#": "0",
                            "ingress.1823110227.description": "",
                            "ingress.1823110227.from_port": "30000",
                            "ingress.1823110227.ipv6_cidr_blocks.#": "0",
                            "ingress.1823110227.prefix_list_ids.#": "0",
                            "ingress.1823110227.protocol": "tcp",
                            "ingress.1823110227.security_groups.#": "1",
                            "ingress.1823110227.security_groups.3483833219": "sg-0c85a5b5ba615f779",
                            "ingress.1823110227.self": "true",
                            "ingress.1823110227.to_port": "32767",
                            "ingress.2165049311.cidr_blocks.#": "1",
                            "ingress.2165049311.cidr_blocks.0": "10.0.0.0/16",
                            "ingress.2165049311.description": "",
                            "ingress.2165049311.from_port": "80",
                            "ingress.2165049311.ipv6_cidr_blocks.#": "0",
                            "ingress.2165049311.prefix_list_ids.#": "0",
                            "ingress.2165049311.protocol": "tcp",
                            "ingress.2165049311.security_groups.#": "0",
                            "ingress.2165049311.self": "false",
                            "ingress.2165049311.to_port": "80",
                            "ingress.2541437006.cidr_blocks.#": "1",
                            "ingress.2541437006.cidr_blocks.0": "0.0.0.0/0",
                            "ingress.2541437006.description": "",
                            "ingress.2541437006.from_port": "22",
                            "ingress.2541437006.ipv6_cidr_blocks.#": "0",
                            "ingress.2541437006.prefix_list_ids.#": "0",
                            "ingress.2541437006.protocol": "tcp",
                            "ingress.2541437006.security_groups.#": "0",
                            "ingress.2541437006.self": "false",
                            "ingress.2541437006.to_port": "22",
                            "ingress.2860499735.cidr_blocks.#": "0",
                            "ingress.2860499735.description": "",
                            "ingress.2860499735.from_port": "10250",
                            "ingress.2860499735.ipv6_cidr_blocks.#": "0",
                            "ingress.2860499735.prefix_list_ids.#": "0",
                            "ingress.2860499735.protocol": "tcp",
                            "ingress.2860499735.security_groups.#": "1",
                            "ingress.2860499735.security_groups.1466179403": "sg-0b95ded18249452ee",
                            "ingress.2860499735.self": "true",
                            "ingress.2860499735.to_port": "10250",
                            "ingress.3066033847.cidr_blocks.#": "1",
                            "ingress.3066033847.cidr_blocks.0": "10.0.0.0/16",
                            "ingress.3066033847.description": "",
                            "ingress.3066033847.from_port": "6443",
                            "ingress.3066033847.ipv6_cidr_blocks.#": "0",
                            "ingress.3066033847.prefix_list_ids.#": "0",
                            "ingress.3066033847.protocol": "tcp",
                            "ingress.3066033847.security_groups.#": "0",
                            "ingress.3066033847.self": "false",
                            "ingress.3066033847.to_port": "6445",
                            "ingress.330138423.cidr_blocks.#": "0",
                            "ingress.330138423.description": "",
                            "ingress.330138423.from_port": "12379",
                            "ingress.330138423.ipv6_cidr_blocks.#": "0",
                            "ingress.330138423.prefix_list_ids.#": "0",
                            "ingress.330138423.protocol": "tcp",
                            "ingress.330138423.security_groups.#": "0",
                            "ingress.330138423.self": "true",
                            "ingress.330138423.to_port": "12380",
                            "ingress.3593288543.cidr_blocks.#": "0",
                            "ingress.3593288543.description": "",
                            "ingress.3593288543.from_port": "10251",
                            "ingress.3593288543.ipv6_cidr_blocks.#": "0",
                            "ingress.3593288543.prefix_list_ids.#": "0",
                            "ingress.3593288543.protocol": "tcp",
                            "ingress.3593288543.security_groups.#": "1",
                            "ingress.3593288543.security_groups.1466179403": "sg-0b95ded18249452ee",
                            "ingress.3593288543.self": "true",
                            "ingress.3593288543.to_port": "10251",
                            "ingress.3861641814.cidr_blocks.#": "0",
                            "ingress.3861641814.description": "",
                            "ingress.3861641814.from_port": "4194",
                            "ingress.3861641814.ipv6_cidr_blocks.#": "0",
                            "ingress.3861641814.prefix_list_ids.#": "0",
                            "ingress.3861641814.protocol": "tcp",
                            "ingress.3861641814.security_groups.#": "1",
                            "ingress.3861641814.security_groups.1466179403": "sg-0b95ded18249452ee",
                            "ingress.3861641814.self": "true",
                            "ingress.3861641814.to_port": "4194",
                            "ingress.4114308637.cidr_blocks.#": "0",
                            "ingress.4114308637.description": "",
                            "ingress.4114308637.from_port": "4789",
                            "ingress.4114308637.ipv6_cidr_blocks.#": "0",
                            "ingress.4114308637.prefix_list_ids.#": "0",
                            "ingress.4114308637.protocol": "udp",
                            "ingress.4114308637.security_groups.#": "2",
                            "ingress.4114308637.security_groups.1466179403": "sg-0b95ded18249452ee",
                            "ingress.4114308637.security_groups.334638721": "sg-06d640e2dbb9b6b21",
                            "ingress.4114308637.self": "true",
                            "ingress.4114308637.to_port": "4789",
                            "ingress.4194730215.cidr_blocks.#": "0",
                            "ingress.4194730215.description": "",
                            "ingress.4194730215.from_port": "9000",
                            "ingress.4194730215.ipv6_cidr_blocks.#": "0",
                            "ingress.4194730215.prefix_list_ids.#": "0",
                            "ingress.4194730215.protocol": "tcp",
                            "ingress.4194730215.security_groups.#": "1",
                            "ingress.4194730215.security_groups.1466179403": "sg-0b95ded18249452ee",
                            "ingress.4194730215.self": "true",
                            "ingress.4194730215.to_port": "9990",
                            "ingress.4229422142.cidr_blocks.#": "0",
                            "ingress.4229422142.description": "",
                            "ingress.4229422142.from_port": "10255",
                            "ingress.4229422142.ipv6_cidr_blocks.#": "0",
                            "ingress.4229422142.prefix_list_ids.#": "0",
                            "ingress.4229422142.protocol": "tcp",
                            "ingress.4229422142.security_groups.#": "1",
                            "ingress.4229422142.security_groups.1466179403": "sg-0b95ded18249452ee",
                            "ingress.4229422142.self": "true",
                            "ingress.4229422142.to_port": "10255",
                            "ingress.4294419555.cidr_blocks.#": "1",
                            "ingress.4294419555.cidr_blocks.0": "0.0.0.0/0",
                            "ingress.4294419555.description": "",
                            "ingress.4294419555.from_port": "49500",
                            "ingress.4294419555.ipv6_cidr_blocks.#": "0",
                            "ingress.4294419555.prefix_list_ids.#": "0",
                            "ingress.4294419555.protocol": "tcp",
                            "ingress.4294419555.security_groups.#": "0",
                            "ingress.4294419555.self": "false",
                            "ingress.4294419555.to_port": "49500",
                            "ingress.772388715.cidr_blocks.#": "0",
                            "ingress.772388715.description": "",
                            "ingress.772388715.from_port": "0",
                            "ingress.772388715.ipv6_cidr_blocks.#": "0",
                            "ingress.772388715.prefix_list_ids.#": "0",
                            "ingress.772388715.protocol": "tcp",
                            "ingress.772388715.security_groups.#": "1",
                            "ingress.772388715.security_groups.334638721": "sg-06d640e2dbb9b6b21",
                            "ingress.772388715.self": "false",
                            "ingress.772388715.to_port": "65535",
                            "name": "terraform-20181228194620458400000003",
                            "owner_id": "154715230234",
                            "revoke_rules_on_delete": "false",
                            "tags.%": "3",
                            "tags.Name": "env1_master_sg",
                            "tags.kubernetes.io/cluster/env1": "owned",
                            "tags.openshiftClusterID": "b379ccc5-6d85-49b6-9ce7-26035fce7709",
                            "vpc_id": "vpc-03e6c187b62e0af5b"
                        },
                        "meta": {
                            "e2bfb730-ecaa-11e6-8f88-34363bc7c4c0": {
                                "create": 600000000000,
                                "delete": 600000000000
                            },
                            "schema_version": "1"
                        },
                        "tainted": false
                    },
                    "deposed": [],
                    "provider": "provider.aws"
                },
                "aws_security_group.worker": {
                    "type": "aws_security_group",
                    "depends_on": [
                        "data.aws_vpc.cluster_vpc"
                    ],
                    "primary": {
                        "id": "sg-0b95ded18249452ee",
                        "attributes": {
                            "arn": "arn:aws:ec2:us-east-1:154715230234:security-group/sg-0b95ded18249452ee",
                            "description": "Managed by Terraform",
                            "egress.#": "0",
                            "id": "sg-0b95ded18249452ee",
                            "ingress.#": "0",
                            "name": "terraform-20181228194623869500000006",
                            "owner_id": "154715230234",
                            "revoke_rules_on_delete": "false",
                            "tags.%": "3",
                            "tags.Name": "env1_worker_sg",
                            "tags.kubernetes.io/cluster/env1": "owned",
                            "tags.openshiftClusterID": "b379ccc5-6d85-49b6-9ce7-26035fce7709",
                            "vpc_id": "vpc-03e6c187b62e0af5b"
                        },
                        "meta": {
                            "e2bfb730-ecaa-11e6-8f88-34363bc7c4c0": {
                                "create": 600000000000,
                                "delete": 600000000000
                            },
                            "schema_version": "1"
                        },
                        "tainted": false
                    },
                    "deposed": [],
                    "provider": "provider.aws"
                },
                "aws_security_group_rule.api_egress": {
                    "type": "aws_security_group_rule",
                    "depends_on": [
                        "aws_security_group.api"
                    ],
                    "primary": {
                        "id": "sgrule-2036854475",
                        "attributes": {
                            "cidr_blocks.#": "1",
                            "cidr_blocks.0": "0.0.0.0/0",
                            "from_port": "0",
                            "id": "sgrule-2036854475",
                            "protocol": "-1",
                            "security_group_id": "sg-0373f44aeca7bc8e0",
                            "self": "false",
                            "to_port": "0",
                            "type": "egress"
                        },
                        "meta": {
                            "schema_version": "2"
                        },
                        "tainted": false
                    },
                    "deposed": [],
                    "provider": "provider.aws"
                },
                "aws_security_group_rule.api_ingress_console": {
                    "type": "aws_security_group_rule",
                    "depends_on": [
                        "aws_security_group.api"
                    ],
                    "primary": {
                        "id": "sgrule-1387008924",
                        "attributes": {
                            "cidr_blocks.#": "1",
                            "cidr_blocks.0": "0.0.0.0/0",
                            "from_port": "6443",
                            "id": "sgrule-1387008924",
                            "protocol": "tcp",
                            "security_group_id": "sg-0373f44aeca7bc8e0",
                            "self": "false",
                            "to_port": "6443",
                            "type": "ingress"
                        },
                        "meta": {
                            "schema_version": "2"
                        },
                        "tainted": false
                    },
                    "deposed": [],
                    "provider": "provider.aws"
                },
                "aws_security_group_rule.console_egress": {
                    "type": "aws_security_group_rule",
                    "depends_on": [
                        "aws_security_group.console"
                    ],
                    "primary": {
                        "id": "sgrule-1805346306",
                        "attributes": {
                            "cidr_blocks.#": "1",
                            "cidr_blocks.0": "0.0.0.0/0",
                            "from_port": "0",
                            "id": "sgrule-1805346306",
                            "protocol": "-1",
                            "security_group_id": "sg-0c85a5b5ba615f779",
                            "self": "false",
                            "to_port": "0",
                            "type": "egress"
                        },
                        "meta": {
                            "schema_version": "2"
                        },
                        "tainted": false
                    },
                    "deposed": [],
                    "provider": "provider.aws"
                },
                "aws_security_group_rule.console_ingress_http": {
                    "type": "aws_security_group_rule",
                    "depends_on": [
                        "aws_security_group.console"
                    ],
                    "primary": {
                        "id": "sgrule-3368262213",
                        "attributes": {
                            "cidr_blocks.#": "1",
                            "cidr_blocks.0": "0.0.0.0/0",
                            "from_port": "80",
                            "id": "sgrule-3368262213",
                            "protocol": "tcp",
                            "security_group_id": "sg-0c85a5b5ba615f779",
                            "self": "false",
                            "to_port": "80",
                            "type": "ingress"
                        },
                        "meta": {
                            "schema_version": "2"
                        },
                        "tainted": false
                    },
                    "deposed": [],
                    "provider": "provider.aws"
                },
                "aws_security_group_rule.console_ingress_https": {
                    "type": "aws_security_group_rule",
                    "depends_on": [
                        "aws_security_group.console"
                    ],
                    "primary": {
                        "id": "sgrule-1006070571",
                        "attributes": {
                            "cidr_blocks.#": "1",
                            "cidr_blocks.0": "0.0.0.0/0",
                            "from_port": "443",
                            "id": "sgrule-1006070571",
                            "protocol": "tcp",
                            "security_group_id": "sg-0c85a5b5ba615f779",
                            "self": "false",
                            "to_port": "443",
                            "type": "ingress"
                        },
                        "meta": {
                            "schema_version": "2"
                        },
                        "tainted": false
                    },
                    "deposed": [],
                    "provider": "provider.aws"
                },
                "aws_security_group_rule.etcd_egress": {
                    "type": "aws_security_group_rule",
                    "depends_on": [
                        "aws_security_group.etcd"
                    ],
                    "primary": {
                        "id": "sgrule-2236117911",
                        "attributes": {
                            "cidr_blocks.#": "1",
                            "cidr_blocks.0": "0.0.0.0/0",
                            "from_port": "0",
                            "id": "sgrule-2236117911",
                            "protocol": "-1",
                            "security_group_id": "sg-06d640e2dbb9b6b21",
                            "self": "false",
                            "to_port": "0",
                            "type": "egress"
                        },
                        "meta": {
                            "schema_version": "2"
                        },
                        "tainted": false
                    },
                    "deposed": [],
                    "provider": "provider.aws"
                },
                "aws_security_group_rule.etcd_ingress_etcd": {
                    "type": "aws_security_group_rule",
                    "depends_on": [
                        "aws_security_group.etcd"
                    ],
                    "primary": {
                        "id": "sgrule-1708634444",
                        "attributes": {
                            "from_port": "2379",
                            "id": "sgrule-1708634444",
                            "protocol": "tcp",
                            "security_group_id": "sg-06d640e2dbb9b6b21",
                            "self": "true",
                            "to_port": "2379",
                            "type": "ingress"
                        },
                        "meta": {
                            "schema_version": "2"
                        },
                        "tainted": false
                    },
                    "deposed": [],
                    "provider": "provider.aws"
                },
                "aws_security_group_rule.etcd_ingress_flannel": {
                    "type": "aws_security_group_rule",
                    "depends_on": [
                        "aws_security_group.etcd"
                    ],
                    "primary": {
                        "id": "sgrule-3991994016",
                        "attributes": {
                            "from_port": "4789",
                            "id": "sgrule-3991994016",
                            "protocol": "udp",
                            "security_group_id": "sg-06d640e2dbb9b6b21",
                            "self": "true",
                            "to_port": "4789",
                            "type": "ingress"
                        },
                        "meta": {
                            "schema_version": "2"
                        },
                        "tainted": false
                    },
                    "deposed": [],
                    "provider": "provider.aws"
                },
                "aws_security_group_rule.etcd_ingress_flannel_from_master": {
                    "type": "aws_security_group_rule",
                    "depends_on": [
                        "aws_security_group.etcd",
                        "aws_security_group.master"
                    ],
                    "primary": {
                        "id": "sgrule-2733095002",
                        "attributes": {
                            "from_port": "4789",
                            "id": "sgrule-2733095002",
                            "protocol": "udp",
                            "security_group_id": "sg-06d640e2dbb9b6b21",
                            "self": "false",
                            "source_security_group_id": "sg-00e47a2656e3572c5",
                            "to_port": "4789",
                            "type": "ingress"
                        },
                        "meta": {
                            "schema_version": "2"
                        },
                        "tainted": false
                    },
                    "deposed": [],
                    "provider": "provider.aws"
                },
                "aws_security_group_rule.etcd_ingress_flannel_from_worker": {
                    "type": "aws_security_group_rule",
                    "depends_on": [
                        "aws_security_group.etcd",
                        "aws_security_group.worker"
                    ],
                    "primary": {
                        "id": "sgrule-2369488328",
                        "attributes": {
                            "from_port": "4789",
                            "id": "sgrule-2369488328",
                            "protocol": "udp",
                            "security_group_id": "sg-06d640e2dbb9b6b21",
                            "self": "false",
                            "source_security_group_id": "sg-0b95ded18249452ee",
                            "to_port": "4789",
                            "type": "ingress"
                        },
                        "meta": {
                            "schema_version": "2"
                        },
                        "tainted": false
                    },
                    "deposed": [],
                    "provider": "provider.aws"
                },
                "aws_security_group_rule.etcd_ingress_from_etcd": {
                    "type": "aws_security_group_rule",
                    "depends_on": [
                        "aws_security_group.etcd"
                    ],
                    "primary": {
                        "id": "sgrule-896995531",
                        "attributes": {
                            "from_port": "0",
                            "id": "sgrule-896995531",
                            "protocol": "tcp",
                            "security_group_id": "sg-06d640e2dbb9b6b21",
                            "self": "false",
                            "source_security_group_id": "sg-06d640e2dbb9b6b21",
                            "to_port": "65535",
                            "type": "ingress"
                        },
                        "meta": {
                            "schema_version": "2"
                        },
                        "tainted": false
                    },
                    "deposed": [],
                    "provider": "provider.aws"
                },
                "aws_security_group_rule.etcd_ingress_from_master": {
                    "type": "aws_security_group_rule",
                    "depends_on": [
                        "aws_security_group.etcd",
                        "aws_security_group.master"
                    ],
                    "primary": {
                        "id": "sgrule-2053133873",
                        "attributes": {
                            "from_port": "0",
                            "id": "sgrule-2053133873",
                            "protocol": "tcp",
                            "security_group_id": "sg-06d640e2dbb9b6b21",
                            "self": "false",
                            "source_security_group_id": "sg-00e47a2656e3572c5",
                            "to_port": "65535",
                            "type": "ingress"
                        },
                        "meta": {
                            "schema_version": "2"
                        },
                        "tainted": false
                    },
                    "deposed": [],
                    "provider": "provider.aws"
                },
                "aws_security_group_rule.etcd_ingress_from_worker": {
                    "type": "aws_security_group_rule",
                    "depends_on": [
                        "aws_security_group.etcd",
                        "aws_security_group.worker"
                    ],
                    "primary": {
                        "id": "sgrule-1438411683",
                        "attributes": {
                            "from_port": "0",
                            "id": "sgrule-1438411683",
                            "protocol": "tcp",
                            "security_group_id": "sg-06d640e2dbb9b6b21",
                            "self": "false",
                            "source_security_group_id": "sg-0b95ded18249452ee",
                            "to_port": "65535",
                            "type": "ingress"
                        },
                        "meta": {
                            "schema_version": "2"
                        },
                        "tainted": false
                    },
                    "deposed": [],
                    "provider": "provider.aws"
                },
                "aws_security_group_rule.etcd_ingress_icmp": {
                    "type": "aws_security_group_rule",
                    "depends_on": [
                        "aws_security_group.etcd"
                    ],
                    "primary": {
                        "id": "sgrule-1104906448",
                        "attributes": {
                            "cidr_blocks.#": "1",
                            "cidr_blocks.0": "0.0.0.0/0",
                            "from_port": "0",
                            "id": "sgrule-1104906448",
                            "protocol": "icmp",
                            "security_group_id": "sg-06d640e2dbb9b6b21",
                            "self": "false",
                            "to_port": "0",
                            "type": "ingress"
                        },
                        "meta": {
                            "schema_version": "2"
                        },
                        "tainted": false
                    },
                    "deposed": [],
                    "provider": "provider.aws"
                },
                "aws_security_group_rule.etcd_ingress_peer": {
                    "type": "aws_security_group_rule",
                    "depends_on": [
                        "aws_security_group.etcd"
                    ],
                    "primary": {
                        "id": "sgrule-1965668932",
                        "attributes": {
                            "from_port": "2380",
                            "id": "sgrule-1965668932",
                            "protocol": "tcp",
                            "security_group_id": "sg-06d640e2dbb9b6b21",
                            "self": "true",
                            "to_port": "2380",
                            "type": "ingress"
                        },
                        "meta": {
                            "schema_version": "2"
                        },
                        "tainted": false
                    },
                    "deposed": [],
                    "provider": "provider.aws"
                },
                "aws_security_group_rule.etcd_ingress_ssh": {
                    "type": "aws_security_group_rule",
                    "depends_on": [
                        "aws_security_group.etcd"
                    ],
                    "primary": {
                        "id": "sgrule-162224775",
                        "attributes": {
                            "from_port": "22",
                            "id": "sgrule-162224775",
                            "protocol": "tcp",
                            "security_group_id": "sg-06d640e2dbb9b6b21",
                            "self": "true",
                            "to_port": "22",
                            "type": "ingress"
                        },
                        "meta": {
                            "schema_version": "2"
                        },
                        "tainted": false
                    },
                    "deposed": [],
                    "provider": "provider.aws"
                },
                "aws_security_group_rule.master_egress": {
                    "type": "aws_security_group_rule",
                    "depends_on": [
                        "aws_security_group.master"
                    ],
                    "primary": {
                        "id": "sgrule-958704022",
                        "attributes": {
                            "cidr_blocks.#": "1",
                            "cidr_blocks.0": "0.0.0.0/0",
                            "from_port": "0",
                            "id": "sgrule-958704022",
                            "protocol": "-1",
                            "security_group_id": "sg-00e47a2656e3572c5",
                            "self": "false",
                            "to_port": "0",
                            "type": "egress"
                        },
                        "meta": {
                            "schema_version": "2"
                        },
                        "tainted": false
                    },
                    "deposed": [],
                    "provider": "provider.aws"
                },
                "aws_security_group_rule.master_ingress_bootstrap_etcd": {
                    "type": "aws_security_group_rule",
                    "depends_on": [
                        "aws_security_group.master"
                    ],
                    "primary": {
                        "id": "sgrule-1858778572",
                        "attributes": {
                            "from_port": "12379",
                            "id": "sgrule-1858778572",
                            "protocol": "tcp",
                            "security_group_id": "sg-00e47a2656e3572c5",
                            "self": "true",
                            "to_port": "12380",
                            "type": "ingress"
                        },
                        "meta": {
                            "schema_version": "2"
                        },
                        "tainted": false
                    },
                    "deposed": [],
                    "provider": "provider.aws"
                },
                "aws_security_group_rule.master_ingress_etcd": {
                    "type": "aws_security_group_rule",
                    "depends_on": [
                        "aws_security_group.master"
                    ],
                    "primary": {
                        "id": "sgrule-973450502",
                        "attributes": {
                            "from_port": "2379",
                            "id": "sgrule-973450502",
                            "protocol": "tcp",
                            "security_group_id": "sg-00e47a2656e3572c5",
                            "self": "true",
                            "to_port": "2380",
                            "type": "ingress"
                        },
                        "meta": {
                            "schema_version": "2"
                        },
                        "tainted": false
                    },
                    "deposed": [],
                    "provider": "provider.aws"
                },
                "aws_security_group_rule.master_ingress_flannel": {
                    "type": "aws_security_group_rule",
                    "depends_on": [
                        "aws_security_group.master"
                    ],
                    "primary": {
                        "id": "sgrule-3211150320",
                        "attributes": {
                            "from_port": "4789",
                            "id": "sgrule-3211150320",
                            "protocol": "udp",
                            "security_group_id": "sg-00e47a2656e3572c5",
                            "self": "true",
                            "to_port": "4789",
                            "type": "ingress"
                        },
                        "meta": {
                            "schema_version": "2"
                        },
                        "tainted": false
                    },
                    "deposed": [],
                    "provider": "provider.aws"
                },
                "aws_security_group_rule.master_ingress_flannel_from_etcd": {
                    "type": "aws_security_group_rule",
                    "depends_on": [
                        "aws_security_group.etcd",
                        "aws_security_group.master"
                    ],
                    "primary": {
                        "id": "sgrule-4033938698",
                        "attributes": {
                            "from_port": "4789",
                            "id": "sgrule-4033938698",
                            "protocol": "udp",
                            "security_group_id": "sg-00e47a2656e3572c5",
                            "self": "false",
                            "source_security_group_id": "sg-06d640e2dbb9b6b21",
                            "to_port": "4789",
                            "type": "ingress"
                        },
                        "meta": {
                            "schema_version": "2"
                        },
                        "tainted": false
                    },
                    "deposed": [],
                    "provider": "provider.aws"
                },
                "aws_security_group_rule.master_ingress_flannel_from_worker": {
                    "type": "aws_security_group_rule",
                    "depends_on": [
                        "aws_security_group.master",
                        "aws_security_group.worker"
                    ],
                    "primary": {
                        "id": "sgrule-2428141154",
                        "attributes": {
                            "from_port": "4789",
                            "id": "sgrule-2428141154",
                            "protocol": "udp",
                            "security_group_id": "sg-00e47a2656e3572c5",
                            "self": "false",
                            "source_security_group_id": "sg-0b95ded18249452ee",
                            "to_port": "4789",
                            "type": "ingress"
                        },
                        "meta": {
                            "schema_version": "2"
                        },
                        "tainted": false
                    },
                    "deposed": [],
                    "provider": "provider.aws"
                },
                "aws_security_group_rule.master_ingress_from_etcd": {
                    "type": "aws_security_group_rule",
                    "depends_on": [
                        "aws_security_group.etcd",
                        "aws_security_group.master"
                    ],
                    "primary": {
                        "id": "sgrule-67798767",
                        "attributes": {
                            "from_port": "0",
                            "id": "sgrule-67798767",
                            "protocol": "tcp",
                            "security_group_id": "sg-00e47a2656e3572c5",
                            "self": "false",
                            "source_security_group_id": "sg-06d640e2dbb9b6b21",
                            "to_port": "65535",
                            "type": "ingress"
                        },
                        "meta": {
                            "schema_version": "2"
                        },
                        "tainted": false
                    },
                    "deposed": [],
                    "provider": "provider.aws"
                },
                "aws_security_group_rule.master_ingress_heapster": {
                    "type": "aws_security_group_rule",
                    "depends_on": [
                        "aws_security_group.master"
                    ],
                    "primary": {
                        "id": "sgrule-3865722108",
                        "attributes": {
                            "from_port": "4194",
                            "id": "sgrule-3865722108",
                            "protocol": "tcp",
                            "security_group_id": "sg-00e47a2656e3572c5",
                            "self": "true",
                            "to_port": "4194",
                            "type": "ingress"
                        },
                        "meta": {
                            "schema_version": "2"
                        },
                        "tainted": false
                    },
                    "deposed": [],
                    "provider": "provider.aws"
                },
                "aws_security_group_rule.master_ingress_heapster_from_worker": {
                    "type": "aws_security_group_rule",
                    "depends_on": [
                        "aws_security_group.master",
                        "aws_security_group.worker"
                    ],
                    "primary": {
                        "id": "sgrule-3384148334",
                        "attributes": {
                            "from_port": "4194",
                            "id": "sgrule-3384148334",
                            "protocol": "tcp",
                            "security_group_id": "sg-00e47a2656e3572c5",
                            "self": "false",
                            "source_security_group_id": "sg-0b95ded18249452ee",
                            "to_port": "4194",
                            "type": "ingress"
                        },
                        "meta": {
                            "schema_version": "2"
                        },
                        "tainted": false
                    },
                    "deposed": [],
                    "provider": "provider.aws"
                },
                "aws_security_group_rule.master_ingress_http": {
                    "type": "aws_security_group_rule",
                    "depends_on": [
                        "aws_security_group.master",
                        "data.aws_vpc.cluster_vpc"
                    ],
                    "primary": {
                        "id": "sgrule-2799058764",
                        "attributes": {
                            "cidr_blocks.#": "1",
                            "cidr_blocks.0": "10.0.0.0/16",
                            "from_port": "80",
                            "id": "sgrule-2799058764",
                            "protocol": "tcp",
                            "security_group_id": "sg-00e47a2656e3572c5",
                            "self": "false",
                            "to_port": "80",
                            "type": "ingress"
                        },
                        "meta": {
                            "schema_version": "2"
                        },
                        "tainted": false
                    },
                    "deposed": [],
                    "provider": "provider.aws"
                },
                "aws_security_group_rule.master_ingress_https": {
                    "type": "aws_security_group_rule",
                    "depends_on": [
                        "aws_security_group.master",
                        "data.aws_vpc.cluster_vpc"
                    ],
                    "primary": {
                        "id": "sgrule-2291053829",
                        "attributes": {
                            "cidr_blocks.#": "1",
                            "cidr_blocks.0": "10.0.0.0/16",
                            "from_port": "6443",
                            "id": "sgrule-2291053829",
                            "protocol": "tcp",
                            "security_group_id": "sg-00e47a2656e3572c5",
                            "self": "false",
                            "to_port": "6445",
                            "type": "ingress"
                        },
                        "meta": {
                            "schema_version": "2"
                        },
                        "tainted": false
                    },
                    "deposed": [],
                    "provider": "provider.aws"
                },
                "aws_security_group_rule.master_ingress_icmp": {
                    "type": "aws_security_group_rule",
                    "depends_on": [
                        "aws_security_group.master",
                        "data.aws_vpc.cluster_vpc"
                    ],
                    "primary": {
                        "id": "sgrule-818922081",
                        "attributes": {
                            "cidr_blocks.#": "1",
                            "cidr_blocks.0": "10.0.0.0/16",
                            "from_port": "0",
                            "id": "sgrule-818922081",
                            "protocol": "icmp",
                            "security_group_id": "sg-00e47a2656e3572c5",
                            "self": "false",
                            "to_port": "0",
                            "type": "ingress"
                        },
                        "meta": {
                            "schema_version": "2"
                        },
                        "tainted": false
                    },
                    "deposed": [],
                    "provider": "provider.aws"
                },
                "aws_security_group_rule.master_ingress_internal": {
                    "type": "aws_security_group_rule",
                    "depends_on": [
                        "aws_security_group.master"
                    ],
                    "primary": {
                        "id": "sgrule-787086885",
                        "attributes": {
                            "from_port": "9000",
                            "id": "sgrule-787086885",
                            "protocol": "tcp",
                            "security_group_id": "sg-00e47a2656e3572c5",
                            "self": "true",
                            "to_port": "9990",
                            "type": "ingress"
                        },
                        "meta": {
                            "schema_version": "2"
                        },
                        "tainted": false
                    },
                    "deposed": [],
                    "provider": "provider.aws"
                },
                "aws_security_group_rule.master_ingress_internal_from_worker": {
                    "type": "aws_security_group_rule",
                    "depends_on": [
                        "aws_security_group.master",
                        "aws_security_group.worker"
                    ],
                    "primary": {
                        "id": "sgrule-20300727",
                        "attributes": {
                            "from_port": "9000",
                            "id": "sgrule-20300727",
                            "protocol": "tcp",
                            "security_group_id": "sg-00e47a2656e3572c5",
                            "self": "false",
                            "source_security_group_id": "sg-0b95ded18249452ee",
                            "to_port": "9990",
                            "type": "ingress"
                        },
                        "meta": {
                            "schema_version": "2"
                        },
                        "tainted": false
                    },
                    "deposed": [],
                    "provider": "provider.aws"
                },
                "aws_security_group_rule.master_ingress_kube_controller_manager": {
                    "type": "aws_security_group_rule",
                    "depends_on": [
                        "aws_security_group.master"
                    ],
                    "primary": {
                        "id": "sgrule-3023511616",
                        "attributes": {
                            "from_port": "10252",
                            "id": "sgrule-3023511616",
                            "protocol": "tcp",
                            "security_group_id": "sg-00e47a2656e3572c5",
                            "self": "true",
                            "to_port": "10252",
                            "type": "ingress"
                        },
                        "meta": {
                            "schema_version": "2"
                        },
                        "tainted": false
                    },
                    "deposed": [],
                    "provider": "provider.aws"
                },
                "aws_security_group_rule.master_ingress_kube_controller_manager_from_worker": {
                    "type": "aws_security_group_rule",
                    "depends_on": [
                        "aws_security_group.master",
                        "aws_security_group.worker"
                    ],
                    "primary": {
                        "id": "sgrule-2615877074",
                        "attributes": {
                            "from_port": "10252",
                            "id": "sgrule-2615877074",
                            "protocol": "tcp",
                            "security_group_id": "sg-00e47a2656e3572c5",
                            "self": "false",
                            "source_security_group_id": "sg-0b95ded18249452ee",
                            "to_port": "10252",
                            "type": "ingress"
                        },
                        "meta": {
                            "schema_version": "2"
                        },
                        "tainted": false
                    },
                    "deposed": [],
                    "provider": "provider.aws"
                },
                "aws_security_group_rule.master_ingress_kube_scheduler": {
                    "type": "aws_security_group_rule",
                    "depends_on": [
                        "aws_security_group.master"
                    ],
                    "primary": {
                        "id": "sgrule-3907834061",
                        "attributes": {
                            "from_port": "10251",
                            "id": "sgrule-3907834061",
                            "protocol": "tcp",
                            "security_group_id": "sg-00e47a2656e3572c5",
                            "self": "true",
                            "to_port": "10251",
                            "type": "ingress"
                        },
                        "meta": {
                            "schema_version": "2"
                        },
                        "tainted": false
                    },
                    "deposed": [],
                    "provider": "provider.aws"
                },
                "aws_security_group_rule.master_ingress_kube_scheduler_from_worker": {
                    "type": "aws_security_group_rule",
                    "depends_on": [
                        "aws_security_group.master",
                        "aws_security_group.worker"
                    ],
                    "primary": {
                        "id": "sgrule-3341872479",
                        "attributes": {
                            "from_port": "10251",
                            "id": "sgrule-3341872479",
                            "protocol": "tcp",
                            "security_group_id": "sg-00e47a2656e3572c5",
                            "self": "false",
                            "source_security_group_id": "sg-0b95ded18249452ee",
                            "to_port": "10251",
                            "type": "ingress"
                        },
                        "meta": {
                            "schema_version": "2"
                        },
                        "tainted": false
                    },
                    "deposed": [],
                    "provider": "provider.aws"
                },
                "aws_security_group_rule.master_ingress_kubelet_insecure": {
                    "type": "aws_security_group_rule",
                    "depends_on": [
                        "aws_security_group.master"
                    ],
                    "primary": {
                        "id": "sgrule-3701833910",
                        "attributes": {
                            "from_port": "10250",
                            "id": "sgrule-3701833910",
                            "protocol": "tcp",
                            "security_group_id": "sg-00e47a2656e3572c5",
                            "self": "true",
                            "to_port": "10250",
                            "type": "ingress"
                        },
                        "meta": {
                            "schema_version": "2"
                        },
                        "tainted": false
                    },
                    "deposed": [],
                    "provider": "provider.aws"
                },
                "aws_security_group_rule.master_ingress_kubelet_insecure_from_worker": {
                    "type": "aws_security_group_rule",
                    "depends_on": [
                        "aws_security_group.master",
                        "aws_security_group.worker"
                    ],
                    "primary": {
                        "id": "sgrule-4084841764",
                        "attributes": {
                            "from_port": "10250",
                            "id": "sgrule-4084841764",
                            "protocol": "tcp",
                            "security_group_id": "sg-00e47a2656e3572c5",
                            "self": "false",
                            "source_security_group_id": "sg-0b95ded18249452ee",
                            "to_port": "10250",
                            "type": "ingress"
                        },
                        "meta": {
                            "schema_version": "2"
                        },
                        "tainted": false
                    },
                    "deposed": [],
                    "provider": "provider.aws"
                },
                "aws_security_group_rule.master_ingress_kubelet_secure": {
                    "type": "aws_security_group_rule",
                    "depends_on": [
                        "aws_security_group.master"
                    ],
                    "primary": {
                        "id": "sgrule-969511201",
                        "attributes": {
                            "from_port": "10255",
                            "id": "sgrule-969511201",
                            "protocol": "tcp",
                            "security_group_id": "sg-00e47a2656e3572c5",
                            "self": "true",
                            "to_port": "10255",
                            "type": "ingress"
                        },
                        "meta": {
                            "schema_version": "2"
                        },
                        "tainted": false
                    },
                    "deposed": [],
                    "provider": "provider.aws"
                },
                "aws_security_group_rule.master_ingress_kubelet_secure_from_worker": {
                    "type": "aws_security_group_rule",
                    "depends_on": [
                        "aws_security_group.master",
                        "aws_security_group.worker"
                    ],
                    "primary": {
                        "id": "sgrule-370519219",
                        "attributes": {
                            "from_port": "10255",
                            "id": "sgrule-370519219",
                            "protocol": "tcp",
                            "security_group_id": "sg-00e47a2656e3572c5",
                            "self": "false",
                            "source_security_group_id": "sg-0b95ded18249452ee",
                            "to_port": "10255",
                            "type": "ingress"
                        },
                        "meta": {
                            "schema_version": "2"
                        },
                        "tainted": false
                    },
                    "deposed": [],
                    "provider": "provider.aws"
                },
                "aws_security_group_rule.master_ingress_services": {
                    "type": "aws_security_group_rule",
                    "depends_on": [
                        "aws_security_group.master"
                    ],
                    "primary": {
                        "id": "sgrule-1061733695",
                        "attributes": {
                            "from_port": "30000",
                            "id": "sgrule-1061733695",
                            "protocol": "tcp",
                            "security_group_id": "sg-00e47a2656e3572c5",
                            "self": "true",
                            "to_port": "32767",
                            "type": "ingress"
                        },
                        "meta": {
                            "schema_version": "2"
                        },
                        "tainted": false
                    },
                    "deposed": [],
                    "provider": "provider.aws"
                },
                "aws_security_group_rule.master_ingress_services_from_console": {
                    "type": "aws_security_group_rule",
                    "depends_on": [
                        "aws_security_group.console",
                        "aws_security_group.master"
                    ],
                    "primary": {
                        "id": "sgrule-436302083",
                        "attributes": {
                            "from_port": "30000",
                            "id": "sgrule-436302083",
                            "protocol": "tcp",
                            "security_group_id": "sg-00e47a2656e3572c5",
                            "self": "false",
                            "source_security_group_id": "sg-0c85a5b5ba615f779",
                            "to_port": "32767",
                            "type": "ingress"
                        },
                        "meta": {
                            "schema_version": "2"
                        },
                        "tainted": false
                    },
                    "deposed": [],
                    "provider": "provider.aws"
                },
                "aws_security_group_rule.master_ingress_ssh": {
                    "type": "aws_security_group_rule",
                    "depends_on": [
                        "aws_security_group.master"
                    ],
                    "primary": {
                        "id": "sgrule-1184477074",
                        "attributes": {
                            "cidr_blocks.#": "1",
                            "cidr_blocks.0": "0.0.0.0/0",
                            "from_port": "22",
                            "id": "sgrule-1184477074",
                            "protocol": "tcp",
                            "security_group_id": "sg-00e47a2656e3572c5",
                            "self": "false",
                            "to_port": "22",
                            "type": "ingress"
                        },
                        "meta": {
                            "schema_version": "2"
                        },
                        "tainted": false
                    },
                    "deposed": [],
                    "provider": "provider.aws"
                },
                "aws_security_group_rule.master_mcs": {
                    "type": "aws_security_group_rule",
                    "depends_on": [
                        "aws_security_group.master"
                    ],
                    "primary": {
                        "id": "sgrule-3142931482",
                        "attributes": {
                            "cidr_blocks.#": "1",
                            "cidr_blocks.0": "0.0.0.0/0",
                            "from_port": "49500",
                            "id": "sgrule-3142931482",
                            "protocol": "tcp",
                            "security_group_id": "sg-00e47a2656e3572c5",
                            "self": "false",
                            "to_port": "49500",
                            "type": "ingress"
                        },
                        "meta": {
                            "schema_version": "2"
                        },
                        "tainted": false
                    },
                    "deposed": [],
                    "provider": "provider.aws"
                },
                "aws_security_group_rule.mcs_ingress": {
                    "type": "aws_security_group_rule",
                    "depends_on": [
                        "aws_security_group.api"
                    ],
                    "primary": {
                        "id": "sgrule-2062484672",
                        "attributes": {
                            "cidr_blocks.#": "1",
                            "cidr_blocks.0": "0.0.0.0/0",
                            "from_port": "49500",
                            "id": "sgrule-2062484672",
                            "protocol": "tcp",
                            "security_group_id": "sg-0373f44aeca7bc8e0",
                            "self": "false",
                            "to_port": "49500",
                            "type": "ingress"
                        },
                        "meta": {
                            "schema_version": "2"
                        },
                        "tainted": false
                    },
                    "deposed": [],
                    "provider": "provider.aws"
                },
                "aws_security_group_rule.worker_egress": {
                    "type": "aws_security_group_rule",
                    "depends_on": [
                        "aws_security_group.worker"
                    ],
                    "primary": {
                        "id": "sgrule-3101369481",
                        "attributes": {
                            "cidr_blocks.#": "1",
                            "cidr_blocks.0": "0.0.0.0/0",
                            "from_port": "0",
                            "id": "sgrule-3101369481",
                            "protocol": "-1",
                            "security_group_id": "sg-0b95ded18249452ee",
                            "self": "false",
                            "to_port": "0",
                            "type": "egress"
                        },
                        "meta": {
                            "schema_version": "2"
                        },
                        "tainted": false
                    },
                    "deposed": [],
                    "provider": "provider.aws"
                },
                "aws_security_group_rule.worker_ingress_flannel": {
                    "type": "aws_security_group_rule",
                    "depends_on": [
                        "aws_security_group.worker"
                    ],
                    "primary": {
                        "id": "sgrule-1241418848",
                        "attributes": {
                            "from_port": "4789",
                            "id": "sgrule-1241418848",
                            "protocol": "udp",
                            "security_group_id": "sg-0b95ded18249452ee",
                            "self": "true",
                            "to_port": "4789",
                            "type": "ingress"
                        },
                        "meta": {
                            "schema_version": "2"
                        },
                        "tainted": false
                    },
                    "deposed": [],
                    "provider": "provider.aws"
                },
                "aws_security_group_rule.worker_ingress_flannel_from_etcd": {
                    "type": "aws_security_group_rule",
                    "depends_on": [
                        "aws_security_group.etcd",
                        "aws_security_group.worker"
                    ],
                    "primary": {
                        "id": "sgrule-691402504",
                        "attributes": {
                            "from_port": "4789",
                            "id": "sgrule-691402504",
                            "protocol": "udp",
                            "security_group_id": "sg-0b95ded18249452ee",
                            "self": "false",
                            "source_security_group_id": "sg-06d640e2dbb9b6b21",
                            "to_port": "4789",
                            "type": "ingress"
                        },
                        "meta": {
                            "schema_version": "2"
                        },
                        "tainted": false
                    },
                    "deposed": [],
                    "provider": "provider.aws"
                },
                "aws_security_group_rule.worker_ingress_flannel_from_master": {
                    "type": "aws_security_group_rule",
                    "depends_on": [
                        "aws_security_group.master",
                        "aws_security_group.worker"
                    ],
                    "primary": {
                        "id": "sgrule-1713549810",
                        "attributes": {
                            "from_port": "4789",
                            "id": "sgrule-1713549810",
                            "protocol": "udp",
                            "security_group_id": "sg-0b95ded18249452ee",
                            "self": "false",
                            "source_security_group_id": "sg-00e47a2656e3572c5",
                            "to_port": "4789",
                            "type": "ingress"
                        },
                        "meta": {
                            "schema_version": "2"
                        },
                        "tainted": false
                    },
                    "deposed": [],
                    "provider": "provider.aws"
                },
                "aws_security_group_rule.worker_ingress_heapster": {
                    "type": "aws_security_group_rule",
                    "depends_on": [
                        "aws_security_group.worker"
                    ],
                    "primary": {
                        "id": "sgrule-284357484",
                        "attributes": {
                            "from_port": "4194",
                            "id": "sgrule-284357484",
                            "protocol": "tcp",
                            "security_group_id": "sg-0b95ded18249452ee",
                            "self": "true",
                            "to_port": "4194",
                            "type": "ingress"
                        },
                        "meta": {
                            "schema_version": "2"
                        },
                        "tainted": false
                    },
                    "deposed": [],
                    "provider": "provider.aws"
                },
                "aws_security_group_rule.worker_ingress_heapster_from_master": {
                    "type": "aws_security_group_rule",
                    "depends_on": [
                        "aws_security_group.master",
                        "aws_security_group.worker"
                    ],
                    "primary": {
                        "id": "sgrule-1060032254",
                        "attributes": {
                            "from_port": "4194",
                            "id": "sgrule-1060032254",
                            "protocol": "tcp",
                            "security_group_id": "sg-0b95ded18249452ee",
                            "self": "false",
                            "source_security_group_id": "sg-00e47a2656e3572c5",
                            "to_port": "4194",
                            "type": "ingress"
                        },
                        "meta": {
                            "schema_version": "2"
                        },
                        "tainted": false
                    },
                    "deposed": [],
                    "provider": "provider.aws"
                },
                "aws_security_group_rule.worker_ingress_http": {
                    "type": "aws_security_group_rule",
                    "depends_on": [
                        "aws_security_group.worker"
                    ],
                    "primary": {
                        "id": "sgrule-3557517436",
                        "attributes": {
                            "cidr_blocks.#": "1",
                            "cidr_blocks.0": "0.0.0.0/0",
                            "from_port": "80",
                            "id": "sgrule-3557517436",
                            "protocol": "tcp",
                            "security_group_id": "sg-0b95ded18249452ee",
                            "self": "false",
                            "to_port": "80",
                            "type": "ingress"
                        },
                        "meta": {
                            "schema_version": "2"
                        },
                        "tainted": false
                    },
                    "deposed": [],
                    "provider": "provider.aws"
                },
                "aws_security_group_rule.worker_ingress_https": {
                    "type": "aws_security_group_rule",
                    "depends_on": [
                        "aws_security_group.worker"
                    ],
                    "primary": {
                        "id": "sgrule-1723885929",
                        "attributes": {
                            "cidr_blocks.#": "1",
                            "cidr_blocks.0": "0.0.0.0/0",
                            "from_port": "443",
                            "id": "sgrule-1723885929",
                            "protocol": "tcp",
                            "security_group_id": "sg-0b95ded18249452ee",
                            "self": "false",
                            "to_port": "443",
                            "type": "ingress"
                        },
                        "meta": {
                            "schema_version": "2"
                        },
                        "tainted": false
                    },
                    "deposed": [],
                    "provider": "provider.aws"
                },
                "aws_security_group_rule.worker_ingress_icmp": {
                    "type": "aws_security_group_rule",
                    "depends_on": [
                        "aws_security_group.worker"
                    ],
                    "primary": {
                        "id": "sgrule-3416199162",
                        "attributes": {
                            "cidr_blocks.#": "1",
                            "cidr_blocks.0": "0.0.0.0/0",
                            "from_port": "0",
                            "id": "sgrule-3416199162",
                            "protocol": "icmp",
                            "security_group_id": "sg-0b95ded18249452ee",
                            "self": "false",
                            "to_port": "0",
                            "type": "ingress"
                        },
                        "meta": {
                            "schema_version": "2"
                        },
                        "tainted": false
                    },
                    "deposed": [],
                    "provider": "provider.aws"
                },
                "aws_security_group_rule.worker_ingress_kubelet_insecure": {
                    "type": "aws_security_group_rule",
                    "depends_on": [
                        "aws_security_group.worker"
                    ],
                    "primary": {
                        "id": "sgrule-2466026962",
                        "attributes": {
                            "from_port": "10250",
                            "id": "sgrule-2466026962",
                            "protocol": "tcp",
                            "security_group_id": "sg-0b95ded18249452ee",
                            "self": "true",
                            "to_port": "10250",
                            "type": "ingress"
                        },
                        "meta": {
                            "schema_version": "2"
                        },
                        "tainted": false
                    },
                    "deposed": [],
                    "provider": "provider.aws"
                },
                "aws_security_group_rule.worker_ingress_kubelet_insecure_from_master": {
                    "type": "aws_security_group_rule",
                    "depends_on": [
                        "aws_security_group.master",
                        "aws_security_group.worker"
                    ],
                    "primary": {
                        "id": "sgrule-3173034048",
                        "attributes": {
                            "from_port": "10250",
                            "id": "sgrule-3173034048",
                            "protocol": "tcp",
                            "security_group_id": "sg-0b95ded18249452ee",
                            "self": "false",
                            "source_security_group_id": "sg-00e47a2656e3572c5",
                            "to_port": "10250",
                            "type": "ingress"
                        },
                        "meta": {
                            "schema_version": "2"
                        },
                        "tainted": false
                    },
                    "deposed": [],
                    "provider": "provider.aws"
                },
                "aws_security_group_rule.worker_ingress_kubelet_secure": {
                    "type": "aws_security_group_rule",
                    "depends_on": [
                        "aws_security_group.worker"
                    ],
                    "primary": {
                        "id": "sgrule-2005959749",
                        "attributes": {
                            "from_port": "10255",
                            "id": "sgrule-2005959749",
                            "protocol": "tcp",
                            "security_group_id": "sg-0b95ded18249452ee",
                            "self": "true",
                            "to_port": "10255",
                            "type": "ingress"
                        },
                        "meta": {
                            "schema_version": "2"
                        },
                        "tainted": false
                    },
                    "deposed": [],
                    "provider": "provider.aws"
                },
                "aws_security_group_rule.worker_ingress_kubelet_secure_from_master": {
                    "type": "aws_security_group_rule",
                    "depends_on": [
                        "aws_security_group.master",
                        "aws_security_group.worker"
                    ],
                    "primary": {
                        "id": "sgrule-1481423319",
                        "attributes": {
                            "from_port": "10255",
                            "id": "sgrule-1481423319",
                            "protocol": "tcp",
                            "security_group_id": "sg-0b95ded18249452ee",
                            "self": "false",
                            "source_security_group_id": "sg-00e47a2656e3572c5",
                            "to_port": "10255",
                            "type": "ingress"
                        },
                        "meta": {
                            "schema_version": "2"
                        },
                        "tainted": false
                    },
                    "deposed": [],
                    "provider": "provider.aws"
                },
                "aws_security_group_rule.worker_ingress_node_exporter": {
                    "type": "aws_security_group_rule",
                    "depends_on": [
                        "aws_security_group.worker"
                    ],
                    "primary": {
                        "id": "sgrule-1951762361",
                        "attributes": {
                            "from_port": "9100",
                            "id": "sgrule-1951762361",
                            "protocol": "tcp",
                            "security_group_id": "sg-0b95ded18249452ee",
                            "self": "true",
                            "to_port": "9100",
                            "type": "ingress"
                        },
                        "meta": {
                            "schema_version": "2"
                        },
                        "tainted": false
                    },
                    "deposed": [],
                    "provider": "provider.aws"
                },
                "aws_security_group_rule.worker_ingress_node_exporter_from_master": {
                    "type": "aws_security_group_rule",
                    "depends_on": [
                        "aws_security_group.master",
                        "aws_security_group.worker"
                    ],
                    "primary": {
                        "id": "sgrule-1535752747",
                        "attributes": {
                            "from_port": "9100",
                            "id": "sgrule-1535752747",
                            "protocol": "tcp",
                            "security_group_id": "sg-0b95ded18249452ee",
                            "self": "false",
                            "source_security_group_id": "sg-00e47a2656e3572c5",
                            "to_port": "9100",
                            "type": "ingress"
                        },
                        "meta": {
                            "schema_version": "2"
                        },
                        "tainted": false
                    },
                    "deposed": [],
                    "provider": "provider.aws"
                },
                "aws_security_group_rule.worker_ingress_services": {
                    "type": "aws_security_group_rule",
                    "depends_on": [
                        "aws_security_group.worker"
                    ],
                    "primary": {
                        "id": "sgrule-1896992859",
                        "attributes": {
                            "from_port": "30000",
                            "id": "sgrule-1896992859",
                            "protocol": "tcp",
                            "security_group_id": "sg-0b95ded18249452ee",
                            "self": "true",
                            "to_port": "32767",
                            "type": "ingress"
                        },
                        "meta": {
                            "schema_version": "2"
                        },
                        "tainted": false
                    },
                    "deposed": [],
                    "provider": "provider.aws"
                },
                "aws_security_group_rule.worker_ingress_services_from_console": {
                    "type": "aws_security_group_rule",
                    "depends_on": [
                        "aws_security_group.console",
                        "aws_security_group.worker"
                    ],
                    "primary": {
                        "id": "sgrule-2072271349",
                        "attributes": {
                            "from_port": "30000",
                            "id": "sgrule-2072271349",
                            "protocol": "tcp",
                            "security_group_id": "sg-0b95ded18249452ee",
                            "self": "false",
                            "source_security_group_id": "sg-0c85a5b5ba615f779",
                            "to_port": "32767",
                            "type": "ingress"
                        },
                        "meta": {
                            "schema_version": "2"
                        },
                        "tainted": false
                    },
                    "deposed": [],
                    "provider": "provider.aws"
                },
                "aws_security_group_rule.worker_ingress_ssh": {
                    "type": "aws_security_group_rule",
                    "depends_on": [
                        "aws_security_group.worker"
                    ],
                    "primary": {
                        "id": "sgrule-1652635081",
                        "attributes": {
                            "cidr_blocks.#": "1",
                            "cidr_blocks.0": "0.0.0.0/0",
                            "from_port": "22",
                            "id": "sgrule-1652635081",
                            "protocol": "tcp",
                            "security_group_id": "sg-0b95ded18249452ee",
                            "self": "false",
                            "to_port": "22",
                            "type": "ingress"
                        },
                        "meta": {
                            "schema_version": "2"
                        },
                        "tainted": false
                    },
                    "deposed": [],
                    "provider": "provider.aws"
                },
                "aws_subnet.master_subnet.0": {
                    "type": "aws_subnet",
                    "depends_on": [
                        "data.aws_vpc.cluster_vpc",
                        "local.new_az_count",
                        "local.new_master_cidr_range",
                        "local.new_subnet_azs"
                    ],
                    "primary": {
                        "id": "subnet-086491b0cb4c4e799",
                        "attributes": {
                            "arn": "arn:aws:ec2:us-east-1:154715230234:subnet/subnet-086491b0cb4c4e799",
                            "assign_ipv6_address_on_creation": "false",
                            "availability_zone": "us-east-1a",
                            "availability_zone_id": "use1-az2",
                            "cidr_block": "10.0.0.0/20",
                            "id": "subnet-086491b0cb4c4e799",
                            "ipv6_cidr_block": "",
                            "ipv6_cidr_block_association_id": "",
                            "map_public_ip_on_launch": "false",
                            "owner_id": "154715230234",
                            "tags.%": "3",
                            "tags.Name": "env1-master-us-east-1a",
                            "tags.kubernetes.io/cluster/env1": "shared",
                            "tags.openshiftClusterID": "b379ccc5-6d85-49b6-9ce7-26035fce7709",
                            "vpc_id": "vpc-03e6c187b62e0af5b"
                        },
                        "meta": {
                            "e2bfb730-ecaa-11e6-8f88-34363bc7c4c0": {
                                "create": 600000000000,
                                "delete": 600000000000
                            },
                            "schema_version": "1"
                        },
                        "tainted": false
                    },
                    "deposed": [],
                    "provider": "provider.aws"
                },
                "aws_subnet.master_subnet.1": {
                    "type": "aws_subnet",
                    "depends_on": [
                        "data.aws_vpc.cluster_vpc",
                        "local.new_az_count",
                        "local.new_master_cidr_range",
                        "local.new_subnet_azs"
                    ],
                    "primary": {
                        "id": "subnet-0e1ff9e58c9790249",
                        "attributes": {
                            "arn": "arn:aws:ec2:us-east-1:154715230234:subnet/subnet-0e1ff9e58c9790249",
                            "assign_ipv6_address_on_creation": "false",
                            "availability_zone": "us-east-1b",
                            "availability_zone_id": "use1-az4",
                            "cidr_block": "10.0.16.0/20",
                            "id": "subnet-0e1ff9e58c9790249",
                            "ipv6_cidr_block": "",
                            "ipv6_cidr_block_association_id": "",
                            "map_public_ip_on_launch": "false",
                            "owner_id": "154715230234",
                            "tags.%": "3",
                            "tags.Name": "env1-master-us-east-1b",
                            "tags.kubernetes.io/cluster/env1": "shared",
                            "tags.openshiftClusterID": "b379ccc5-6d85-49b6-9ce7-26035fce7709",
                            "vpc_id": "vpc-03e6c187b62e0af5b"
                        },
                        "meta": {
                            "e2bfb730-ecaa-11e6-8f88-34363bc7c4c0": {
                                "create": 600000000000,
                                "delete": 600000000000
                            },
                            "schema_version": "1"
                        },
                        "tainted": false
                    },
                    "deposed": [],
                    "provider": "provider.aws"
                },
                "aws_subnet.master_subnet.2": {
                    "type": "aws_subnet",
                    "depends_on": [
                        "data.aws_vpc.cluster_vpc",
                        "local.new_az_count",
                        "local.new_master_cidr_range",
                        "local.new_subnet_azs"
                    ],
                    "primary": {
                        "id": "subnet-0bac9b7fdd623a5ed",
                        "attributes": {
                            "arn": "arn:aws:ec2:us-east-1:154715230234:subnet/subnet-0bac9b7fdd623a5ed",
                            "assign_ipv6_address_on_creation": "false",
                            "availability_zone": "us-east-1c",
                            "availability_zone_id": "use1-az6",
                            "cidr_block": "10.0.32.0/20",
                            "id": "subnet-0bac9b7fdd623a5ed",
                            "ipv6_cidr_block": "",
                            "ipv6_cidr_block_association_id": "",
                            "map_public_ip_on_launch": "false",
                            "owner_id": "154715230234",
                            "tags.%": "3",
                            "tags.Name": "env1-master-us-east-1c",
                            "tags.kubernetes.io/cluster/env1": "shared",
                            "tags.openshiftClusterID": "b379ccc5-6d85-49b6-9ce7-26035fce7709",
                            "vpc_id": "vpc-03e6c187b62e0af5b"
                        },
                        "meta": {
                            "e2bfb730-ecaa-11e6-8f88-34363bc7c4c0": {
                                "create": 600000000000,
                                "delete": 600000000000
                            },
                            "schema_version": "1"
                        },
                        "tainted": false
                    },
                    "deposed": [],
                    "provider": "provider.aws"
                },
                "aws_subnet.master_subnet.3": {
                    "type": "aws_subnet",
                    "depends_on": [
                        "data.aws_vpc.cluster_vpc",
                        "local.new_az_count",
                        "local.new_master_cidr_range",
                        "local.new_subnet_azs"
                    ],
                    "primary": {
                        "id": "subnet-0fff1346f598a5f8f",
                        "attributes": {
                            "arn": "arn:aws:ec2:us-east-1:154715230234:subnet/subnet-0fff1346f598a5f8f",
                            "assign_ipv6_address_on_creation": "false",
                            "availability_zone": "us-east-1d",
                            "availability_zone_id": "use1-az1",
                            "cidr_block": "10.0.48.0/20",
                            "id": "subnet-0fff1346f598a5f8f",
                            "ipv6_cidr_block": "",
                            "ipv6_cidr_block_association_id": "",
                            "map_public_ip_on_launch": "false",
                            "owner_id": "154715230234",
                            "tags.%": "3",
                            "tags.Name": "env1-master-us-east-1d",
                            "tags.kubernetes.io/cluster/env1": "shared",
                            "tags.openshiftClusterID": "b379ccc5-6d85-49b6-9ce7-26035fce7709",
                            "vpc_id": "vpc-03e6c187b62e0af5b"
                        },
                        "meta": {
                            "e2bfb730-ecaa-11e6-8f88-34363bc7c4c0": {
                                "create": 600000000000,
                                "delete": 600000000000
                            },
                            "schema_version": "1"
                        },
                        "tainted": false
                    },
                    "deposed": [],
                    "provider": "provider.aws"
                },
                "aws_subnet.master_subnet.4": {
                    "type": "aws_subnet",
                    "depends_on": [
                        "data.aws_vpc.cluster_vpc",
                        "local.new_az_count",
                        "local.new_master_cidr_range",
                        "local.new_subnet_azs"
                    ],
                    "primary": {
                        "id": "subnet-0228d7d8264171ac9",
                        "attributes": {
                            "arn": "arn:aws:ec2:us-east-1:154715230234:subnet/subnet-0228d7d8264171ac9",
                            "assign_ipv6_address_on_creation": "false",
                            "availability_zone": "us-east-1e",
                            "availability_zone_id": "use1-az3",
                            "cidr_block": "10.0.64.0/20",
                            "id": "subnet-0228d7d8264171ac9",
                            "ipv6_cidr_block": "",
                            "ipv6_cidr_block_association_id": "",
                            "map_public_ip_on_launch": "false",
                            "owner_id": "154715230234",
                            "tags.%": "3",
                            "tags.Name": "env1-master-us-east-1e",
                            "tags.kubernetes.io/cluster/env1": "shared",
                            "tags.openshiftClusterID": "b379ccc5-6d85-49b6-9ce7-26035fce7709",
                            "vpc_id": "vpc-03e6c187b62e0af5b"
                        },
                        "meta": {
                            "e2bfb730-ecaa-11e6-8f88-34363bc7c4c0": {
                                "create": 600000000000,
                                "delete": 600000000000
                            },
                            "schema_version": "1"
                        },
                        "tainted": false
                    },
                    "deposed": [],
                    "provider": "provider.aws"
                },
                "aws_subnet.master_subnet.5": {
                    "type": "aws_subnet",
                    "depends_on": [
                        "data.aws_vpc.cluster_vpc",
                        "local.new_az_count",
                        "local.new_master_cidr_range",
                        "local.new_subnet_azs"
                    ],
                    "primary": {
                        "id": "subnet-05505f43c82340d2f",
                        "attributes": {
                            "arn": "arn:aws:ec2:us-east-1:154715230234:subnet/subnet-05505f43c82340d2f",
                            "assign_ipv6_address_on_creation": "false",
                            "availability_zone": "us-east-1f",
                            "availability_zone_id": "use1-az5",
                            "cidr_block": "10.0.80.0/20",
                            "id": "subnet-05505f43c82340d2f",
                            "ipv6_cidr_block": "",
                            "ipv6_cidr_block_association_id": "",
                            "map_public_ip_on_launch": "false",
                            "owner_id": "154715230234",
                            "tags.%": "3",
                            "tags.Name": "env1-master-us-east-1f",
                            "tags.kubernetes.io/cluster/env1": "shared",
                            "tags.openshiftClusterID": "b379ccc5-6d85-49b6-9ce7-26035fce7709",
                            "vpc_id": "vpc-03e6c187b62e0af5b"
                        },
                        "meta": {
                            "e2bfb730-ecaa-11e6-8f88-34363bc7c4c0": {
                                "create": 600000000000,
                                "delete": 600000000000
                            },
                            "schema_version": "1"
                        },
                        "tainted": false
                    },
                    "deposed": [],
                    "provider": "provider.aws"
                },
                "aws_subnet.worker_subnet.0": {
                    "type": "aws_subnet",
                    "depends_on": [
                        "data.aws_vpc.cluster_vpc",
                        "local.new_az_count",
                        "local.new_subnet_azs",
                        "local.new_worker_cidr_range"
                    ],
                    "primary": {
                        "id": "subnet-0ec841413da7ea99f",
                        "attributes": {
                            "arn": "arn:aws:ec2:us-east-1:154715230234:subnet/subnet-0ec841413da7ea99f",
                            "assign_ipv6_address_on_creation": "false",
                            "availability_zone": "us-east-1a",
                            "availability_zone_id": "use1-az2",
                            "cidr_block": "10.0.128.0/20",
                            "id": "subnet-0ec841413da7ea99f",
                            "ipv6_cidr_block": "",
                            "ipv6_cidr_block_association_id": "",
                            "map_public_ip_on_launch": "false",
                            "owner_id": "154715230234",
                            "tags.%": "4",
                            "tags.Name": "env1-worker-us-east-1a",
                            "tags.kubernetes.io/cluster/env1": "shared",
                            "tags.kubernetes.io/role/internal-elb": "",
                            "tags.openshiftClusterID": "b379ccc5-6d85-49b6-9ce7-26035fce7709",
                            "vpc_id": "vpc-03e6c187b62e0af5b"
                        },
                        "meta": {
                            "e2bfb730-ecaa-11e6-8f88-34363bc7c4c0": {
                                "create": 600000000000,
                                "delete": 600000000000
                            },
                            "schema_version": "1"
                        },
                        "tainted": false
                    },
                    "deposed": [],
                    "provider": "provider.aws"
                },
                "aws_subnet.worker_subnet.1": {
                    "type": "aws_subnet",
                    "depends_on": [
                        "data.aws_vpc.cluster_vpc",
                        "local.new_az_count",
                        "local.new_subnet_azs",
                        "local.new_worker_cidr_range"
                    ],
                    "primary": {
                        "id": "subnet-06c2f555d9f10cd08",
                        "attributes": {
                            "arn": "arn:aws:ec2:us-east-1:154715230234:subnet/subnet-06c2f555d9f10cd08",
                            "assign_ipv6_address_on_creation": "false",
                            "availability_zone": "us-east-1b",
                            "availability_zone_id": "use1-az4",
                            "cidr_block": "10.0.144.0/20",
                            "id": "subnet-06c2f555d9f10cd08",
                            "ipv6_cidr_block": "",
                            "ipv6_cidr_block_association_id": "",
                            "map_public_ip_on_launch": "false",
                            "owner_id": "154715230234",
                            "tags.%": "4",
                            "tags.Name": "env1-worker-us-east-1b",
                            "tags.kubernetes.io/cluster/env1": "shared",
                            "tags.kubernetes.io/role/internal-elb": "",
                            "tags.openshiftClusterID": "b379ccc5-6d85-49b6-9ce7-26035fce7709",
                            "vpc_id": "vpc-03e6c187b62e0af5b"
                        },
                        "meta": {
                            "e2bfb730-ecaa-11e6-8f88-34363bc7c4c0": {
                                "create": 600000000000,
                                "delete": 600000000000
                            },
                            "schema_version": "1"
                        },
                        "tainted": false
                    },
                    "deposed": [],
                    "provider": "provider.aws"
                },
                "aws_subnet.worker_subnet.2": {
                    "type": "aws_subnet",
                    "depends_on": [
                        "data.aws_vpc.cluster_vpc",
                        "local.new_az_count",
                        "local.new_subnet_azs",
                        "local.new_worker_cidr_range"
                    ],
                    "primary": {
                        "id": "subnet-0a2ecb4b578297ad2",
                        "attributes": {
                            "arn": "arn:aws:ec2:us-east-1:154715230234:subnet/subnet-0a2ecb4b578297ad2",
                            "assign_ipv6_address_on_creation": "false",
                            "availability_zone": "us-east-1c",
                            "availability_zone_id": "use1-az6",
                            "cidr_block": "10.0.160.0/20",
                            "id": "subnet-0a2ecb4b578297ad2",
                            "ipv6_cidr_block": "",
                            "ipv6_cidr_block_association_id": "",
                            "map_public_ip_on_launch": "false",
                            "owner_id": "154715230234",
                            "tags.%": "4",
                            "tags.Name": "env1-worker-us-east-1c",
                            "tags.kubernetes.io/cluster/env1": "shared",
                            "tags.kubernetes.io/role/internal-elb": "",
                            "tags.openshiftClusterID": "b379ccc5-6d85-49b6-9ce7-26035fce7709",
                            "vpc_id": "vpc-03e6c187b62e0af5b"
                        },
                        "meta": {
                            "e2bfb730-ecaa-11e6-8f88-34363bc7c4c0": {
                                "create": 600000000000,
                                "delete": 600000000000
                            },
                            "schema_version": "1"
                        },
                        "tainted": false
                    },
                    "deposed": [],
                    "provider": "provider.aws"
                },
                "aws_subnet.worker_subnet.3": {
                    "type": "aws_subnet",
                    "depends_on": [
                        "data.aws_vpc.cluster_vpc",
                        "local.new_az_count",
                        "local.new_subnet_azs",
                        "local.new_worker_cidr_range"
                    ],
                    "primary": {
                        "id": "subnet-0d174cfe6dfe07e10",
                        "attributes": {
                            "arn": "arn:aws:ec2:us-east-1:154715230234:subnet/subnet-0d174cfe6dfe07e10",
                            "assign_ipv6_address_on_creation": "false",
                            "availability_zone": "us-east-1d",
                            "availability_zone_id": "use1-az1",
                            "cidr_block": "10.0.176.0/20",
                            "id": "subnet-0d174cfe6dfe07e10",
                            "ipv6_cidr_block": "",
                            "ipv6_cidr_block_association_id": "",
                            "map_public_ip_on_launch": "false",
                            "owner_id": "154715230234",
                            "tags.%": "4",
                            "tags.Name": "env1-worker-us-east-1d",
                            "tags.kubernetes.io/cluster/env1": "shared",
                            "tags.kubernetes.io/role/internal-elb": "",
                            "tags.openshiftClusterID": "b379ccc5-6d85-49b6-9ce7-26035fce7709",
                            "vpc_id": "vpc-03e6c187b62e0af5b"
                        },
                        "meta": {
                            "e2bfb730-ecaa-11e6-8f88-34363bc7c4c0": {
                                "create": 600000000000,
                                "delete": 600000000000
                            },
                            "schema_version": "1"
                        },
                        "tainted": false
                    },
                    "deposed": [],
                    "provider": "provider.aws"
                },
                "aws_subnet.worker_subnet.4": {
                    "type": "aws_subnet",
                    "depends_on": [
                        "data.aws_vpc.cluster_vpc",
                        "local.new_az_count",
                        "local.new_subnet_azs",
                        "local.new_worker_cidr_range"
                    ],
                    "primary": {
                        "id": "subnet-02a2e814d4cc8302e",
                        "attributes": {
                            "arn": "arn:aws:ec2:us-east-1:154715230234:subnet/subnet-02a2e814d4cc8302e",
                            "assign_ipv6_address_on_creation": "false",
                            "availability_zone": "us-east-1e",
                            "availability_zone_id": "use1-az3",
                            "cidr_block": "10.0.192.0/20",
                            "id": "subnet-02a2e814d4cc8302e",
                            "ipv6_cidr_block": "",
                            "ipv6_cidr_block_association_id": "",
                            "map_public_ip_on_launch": "false",
                            "owner_id": "154715230234",
                            "tags.%": "4",
                            "tags.Name": "env1-worker-us-east-1e",
                            "tags.kubernetes.io/cluster/env1": "shared",
                            "tags.kubernetes.io/role/internal-elb": "",
                            "tags.openshiftClusterID": "b379ccc5-6d85-49b6-9ce7-26035fce7709",
                            "vpc_id": "vpc-03e6c187b62e0af5b"
                        },
                        "meta": {
                            "e2bfb730-ecaa-11e6-8f88-34363bc7c4c0": {
                                "create": 600000000000,
                                "delete": 600000000000
                            },
                            "schema_version": "1"
                        },
                        "tainted": false
                    },
                    "deposed": [],
                    "provider": "provider.aws"
                },
                "aws_subnet.worker_subnet.5": {
                    "type": "aws_subnet",
                    "depends_on": [
                        "data.aws_vpc.cluster_vpc",
                        "local.new_az_count",
                        "local.new_subnet_azs",
                        "local.new_worker_cidr_range"
                    ],
                    "primary": {
                        "id": "subnet-097beadbc8f3ace7f",
                        "attributes": {
                            "arn": "arn:aws:ec2:us-east-1:154715230234:subnet/subnet-097beadbc8f3ace7f",
                            "assign_ipv6_address_on_creation": "false",
                            "availability_zone": "us-east-1f",
                            "availability_zone_id": "use1-az5",
                            "cidr_block": "10.0.208.0/20",
                            "id": "subnet-097beadbc8f3ace7f",
                            "ipv6_cidr_block": "",
                            "ipv6_cidr_block_association_id": "",
                            "map_public_ip_on_launch": "false",
                            "owner_id": "154715230234",
                            "tags.%": "4",
                            "tags.Name": "env1-worker-us-east-1f",
                            "tags.kubernetes.io/cluster/env1": "shared",
                            "tags.kubernetes.io/role/internal-elb": "",
                            "tags.openshiftClusterID": "b379ccc5-6d85-49b6-9ce7-26035fce7709",
                            "vpc_id": "vpc-03e6c187b62e0af5b"
                        },
                        "meta": {
                            "e2bfb730-ecaa-11e6-8f88-34363bc7c4c0": {
                                "create": 600000000000,
                                "delete": 600000000000
                            },
                            "schema_version": "1"
                        },
                        "tainted": false
                    },
                    "deposed": [],
                    "provider": "provider.aws"
                },
                "aws_vpc.new_vpc": {
                    "type": "aws_vpc",
                    "depends_on": [],
                    "primary": {
                        "id": "vpc-03e6c187b62e0af5b",
                        "attributes": {
                            "arn": "arn:aws:ec2:us-east-1:154715230234:vpc/vpc-03e6c187b62e0af5b",
                            "assign_generated_ipv6_cidr_block": "false",
                            "cidr_block": "10.0.0.0/16",
                            "default_network_acl_id": "acl-007ed8a168fa6042f",
                            "default_route_table_id": "rtb-0d232170e577cab81",
                            "default_security_group_id": "sg-0b08a49c4fae24d75",
                            "dhcp_options_id": "dopt-be81cbc5",
                            "enable_classiclink": "false",
                            "enable_classiclink_dns_support": "false",
                            "enable_dns_hostnames": "true",
                            "enable_dns_support": "true",
                            "id": "vpc-03e6c187b62e0af5b",
                            "instance_tenancy": "default",
                            "ipv6_association_id": "",
                            "ipv6_cidr_block": "",
                            "main_route_table_id": "rtb-0d232170e577cab81",
                            "owner_id": "154715230234",
                            "tags.%": "3",
                            "tags.Name": "env1.raffa.xyz",
                            "tags.kubernetes.io/cluster/env1": "shared",
                            "tags.openshiftClusterID": "b379ccc5-6d85-49b6-9ce7-26035fce7709"
                        },
                        "meta": {
                            "schema_version": "1"
                        },
                        "tainted": false
                    },
                    "deposed": [],
                    "provider": "provider.aws"
                },
                "aws_vpc_endpoint.s3": {
                    "type": "aws_vpc_endpoint",
                    "depends_on": [
                        "aws_route_table.default.*",
                        "aws_route_table.private_routes.*",
                        "aws_vpc.new_vpc"
                    ],
                    "primary": {
                        "id": "vpce-05f21bb9e35d5f3a5",
                        "attributes": {
                            "cidr_blocks.#": "2",
                            "cidr_blocks.0": "54.231.0.0/17",
                            "cidr_blocks.1": "52.216.0.0/15",
                            "dns_entry.#": "0",
                            "id": "vpce-05f21bb9e35d5f3a5",
                            "network_interface_ids.#": "0",
                            "policy": "{\"Statement\":[{\"Action\":\"*\",\"Effect\":\"Allow\",\"Principal\":\"*\",\"Resource\":\"*\"}],\"Version\":\"2008-10-17\"}",
                            "prefix_list_id": "pl-63a5400a",
                            "private_dns_enabled": "false",
                            "route_table_ids.#": "7",
                            "route_table_ids.144798307": "rtb-0d1fb657e936ad269",
                            "route_table_ids.2045940275": "rtb-068582be3339fe8b8",
                            "route_table_ids.2760903435": "rtb-0d232170e577cab81",
                            "route_table_ids.3013659298": "rtb-0acc193be3a700cb1",
                            "route_table_ids.3643258460": "rtb-010b77f7f5a1d590c",
                            "route_table_ids.3949739949": "rtb-083432ddfc689da1e",
                            "route_table_ids.701973464": "rtb-0001854d3a331847e",
                            "security_group_ids.#": "0",
                            "service_name": "com.amazonaws.us-east-1.s3",
                            "state": "available",
                            "subnet_ids.#": "0",
                            "vpc_endpoint_type": "Gateway",
                            "vpc_id": "vpc-03e6c187b62e0af5b"
                        },
                        "meta": {
                            "e2bfb730-ecaa-11e6-8f88-34363bc7c4c0": {
                                "create": 600000000000,
                                "delete": 600000000000,
                                "update": 600000000000
                            }
                        },
                        "tainted": false
                    },
                    "deposed": [],
                    "provider": "provider.aws"
                },
                "data.aws_availability_zones.azs": {
                    "type": "aws_availability_zones",
                    "depends_on": [],
                    "primary": {
                        "id": "2018-12-28 20:01:03.691491609 +0000 UTC",
                        "attributes": {
                            "id": "2018-12-28 20:01:03.691491609 +0000 UTC",
                            "names.#": "6",
                            "names.0": "us-east-1a",
                            "names.1": "us-east-1b",
                            "names.2": "us-east-1c",
                            "names.3": "us-east-1d",
                            "names.4": "us-east-1e",
                            "names.5": "us-east-1f",
                            "zone_ids.#": "6",
                            "zone_ids.0": "use1-az2",
                            "zone_ids.1": "use1-az4",
                            "zone_ids.2": "use1-az6",
                            "zone_ids.3": "use1-az1",
                            "zone_ids.4": "use1-az3",
                            "zone_ids.5": "use1-az5"
                        },
                        "meta": {},
                        "tainted": false
                    },
                    "deposed": [],
                    "provider": "provider.aws"
                },
                "data.aws_region.current": {
                    "type": "aws_region",
                    "depends_on": [],
                    "primary": {
                        "id": "us-east-1",
                        "attributes": {
                            "current": "true",
                            "description": "US East (N. Virginia)",
                            "endpoint": "ec2.us-east-1.amazonaws.com",
                            "id": "us-east-1",
                            "name": "us-east-1"
                        },
                        "meta": {},
                        "tainted": false
                    },
                    "deposed": [],
                    "provider": "provider.aws"
                },
                "data.aws_vpc.cluster_vpc": {
                    "type": "aws_vpc",
                    "depends_on": [
                        "local.vpc_id"
                    ],
                    "primary": {
                        "id": "vpc-03e6c187b62e0af5b",
                        "attributes": {
                            "arn": "arn:aws:ec2:us-east-1:154715230234:vpc/vpc-03e6c187b62e0af5b",
                            "cidr_block": "10.0.0.0/16",
                            "cidr_block_associations.#": "1",
                            "cidr_block_associations.0.association_id": "vpc-cidr-assoc-0bafac2caaa41f0c7",
                            "cidr_block_associations.0.cidr_block": "10.0.0.0/16",
                            "cidr_block_associations.0.state": "associated",
                            "default": "false",
                            "dhcp_options_id": "dopt-be81cbc5",
                            "enable_dns_hostnames": "true",
                            "enable_dns_support": "true",
                            "id": "vpc-03e6c187b62e0af5b",
                            "instance_tenancy": "default",
                            "main_route_table_id": "rtb-0d232170e577cab81",
                            "owner_id": "154715230234",
                            "state": "available",
                            "tags.%": "3",
                            "tags.Name": "env1.raffa.xyz",
                            "tags.kubernetes.io/cluster/env1": "shared",
                            "tags.openshiftClusterID": "b379ccc5-6d85-49b6-9ce7-26035fce7709"
                        },
                        "meta": {},
                        "tainted": false
                    },
                    "deposed": [],
                    "provider": "provider.aws"
                }
            },
            "depends_on": []
        }
    ]
}
